// !$*UTF8*$!
{
	archiveVersion = 1;
	classes = {
	};
	objectVersion = 52;
	objects = {

/* Begin PBXBuildFile section */
		D706535B2604B205006F2901 /* Settings.storyboard in Resources */ = {isa = PBXBuildFile; fileRef = D706535A2604B205006F2901 /* Settings.storyboard */; };
		D7089F6B260477BD00495322 /* ProgressDelegate.swift in Sources */ = {isa = PBXBuildFile; fileRef = D7089F6A260477BD00495322 /* ProgressDelegate.swift */; };
		D70BEF9B253949CA0020FB30 /* KWKWebView.swift in Sources */ = {isa = PBXBuildFile; fileRef = D70BEF9A253949CA0020FB30 /* KWKWebView.swift */; };
		D70BEFA02539507F0020FB30 /* FileUtils.swift in Sources */ = {isa = PBXBuildFile; fileRef = D70BEF9F2539507F0020FB30 /* FileUtils.swift */; };
		D70F3986261D7F9500BDC033 /* SnapKit in Frameworks */ = {isa = PBXBuildFile; productRef = D70F3985261D7F9500BDC033 /* SnapKit */; };
		D70F3989261D822700BDC033 /* GlobalViewSettings.swift in Sources */ = {isa = PBXBuildFile; fileRef = D70F3988261D822700BDC033 /* GlobalViewSettings.swift */; };
		D70F398D261D967200BDC033 /* NumberCell.swift in Sources */ = {isa = PBXBuildFile; fileRef = D70F398C261D967200BDC033 /* NumberCell.swift */; };
		D7356464260896A20000A7F4 /* LocationManager.swift in Sources */ = {isa = PBXBuildFile; fileRef = D7356463260896A20000A7F4 /* LocationManager.swift */; };
		D7356468260897400000A7F4 /* CoreLocation.framework in Frameworks */ = {isa = PBXBuildFile; fileRef = D7356467260897400000A7F4 /* CoreLocation.framework */; };
		D748442325384C5600BFF55A /* AppDelegate.swift in Sources */ = {isa = PBXBuildFile; fileRef = D748442225384C5600BFF55A /* AppDelegate.swift */; };
		D748442525384C5600BFF55A /* SceneDelegate.swift in Sources */ = {isa = PBXBuildFile; fileRef = D748442425384C5600BFF55A /* SceneDelegate.swift */; };
		D748442725384C5600BFF55A /* ViewController.swift in Sources */ = {isa = PBXBuildFile; fileRef = D748442625384C5600BFF55A /* ViewController.swift */; };
		D748442A25384C5600BFF55A /* Main.storyboard in Resources */ = {isa = PBXBuildFile; fileRef = D748442825384C5600BFF55A /* Main.storyboard */; };
		D748442D25384C5600BFF55A /* WKWebView.xcdatamodeld in Sources */ = {isa = PBXBuildFile; fileRef = D748442B25384C5600BFF55A /* WKWebView.xcdatamodeld */; };
		D748442F25384C5A00BFF55A /* Assets.xcassets in Resources */ = {isa = PBXBuildFile; fileRef = D748442E25384C5A00BFF55A /* Assets.xcassets */; };
		D748443225384C5A00BFF55A /* LaunchScreen.storyboard in Resources */ = {isa = PBXBuildFile; fileRef = D748443025384C5A00BFF55A /* LaunchScreen.storyboard */; };
		D75B8C122603455C008F2122 /* SettingsViewController.swift in Sources */ = {isa = PBXBuildFile; fileRef = D75B8C112603455C008F2122 /* SettingsViewController.swift */; };
		D77B5568260B20E8005D9F67 /* GlobalSettings.swift in Sources */ = {isa = PBXBuildFile; fileRef = D77B5567260B20E8005D9F67 /* GlobalSettings.swift */; };
		D796800E2602F4B800731902 /* Extension+UIView.swift in Sources */ = {isa = PBXBuildFile; fileRef = D796800D2602F4B800731902 /* Extension+UIView.swift */; };
		D79680122602FAE500731902 /* KWKWebViewConfig.swift in Sources */ = {isa = PBXBuildFile; fileRef = D79680112602FAE500731902 /* KWKWebViewConfig.swift */; };
		D796801626031D5500731902 /* KWKWebViewDelegate.swift in Sources */ = {isa = PBXBuildFile; fileRef = D796801526031D5500731902 /* KWKWebViewDelegate.swift */; };
		D796801F26032C4400731902 /* ProgressView.swift in Sources */ = {isa = PBXBuildFile; fileRef = D796801E26032C4400731902 /* ProgressView.swift */; };
		D7B1305B261EF86B00352BFE /* CellDelegate.swift in Sources */ = {isa = PBXBuildFile; fileRef = D7B1305A261EF86B00352BFE /* CellDelegate.swift */; };
		D7B495BB260DE28600BF36F7 /* ToggleCell.swift in Sources */ = {isa = PBXBuildFile; fileRef = D7B495BA260DE28600BF36F7 /* ToggleCell.swift */; };
		D7B948242539713500CF33A6 /* www.bundle in Resources */ = {isa = PBXBuildFile; fileRef = D7B948232539713500CF33A6 /* www.bundle */; };
		D7E1B5492601D7B10074794D /* SwiftyJSON in Frameworks */ = {isa = PBXBuildFile; productRef = D7E1B5482601D7B10074794D /* SwiftyJSON */; };
		D7E1B54D2601D7E90074794D /* Zip in Frameworks */ = {isa = PBXBuildFile; productRef = D7E1B54C2601D7E90074794D /* Zip */; };
		D7EE6FFA260C82D9009DB791 /* SettingsTableViewCell.swift in Sources */ = {isa = PBXBuildFile; fileRef = D7EE6FF9260C82D9009DB791 /* SettingsTableViewCell.swift */; };
/* End PBXBuildFile section */

/* Begin PBXFileReference section */
		D706535A2604B205006F2901 /* Settings.storyboard */ = {isa = PBXFileReference; lastKnownFileType = file.storyboard; path = Settings.storyboard; sourceTree = "<group>"; };
		D7089F6A260477BD00495322 /* ProgressDelegate.swift */ = {isa = PBXFileReference; lastKnownFileType = sourcecode.swift; path = ProgressDelegate.swift; sourceTree = "<group>"; };
		D70BEF9A253949CA0020FB30 /* KWKWebView.swift */ = {isa = PBXFileReference; lastKnownFileType = sourcecode.swift; path = KWKWebView.swift; sourceTree = "<group>"; };
		D70BEF9F2539507F0020FB30 /* FileUtils.swift */ = {isa = PBXFileReference; lastKnownFileType = sourcecode.swift; path = FileUtils.swift; sourceTree = "<group>"; };
		D70F3988261D822700BDC033 /* GlobalViewSettings.swift */ = {isa = PBXFileReference; lastKnownFileType = sourcecode.swift; path = GlobalViewSettings.swift; sourceTree = "<group>"; };
		D70F398C261D967200BDC033 /* NumberCell.swift */ = {isa = PBXFileReference; lastKnownFileType = sourcecode.swift; path = NumberCell.swift; sourceTree = "<group>"; };
		D7356463260896A20000A7F4 /* LocationManager.swift */ = {isa = PBXFileReference; lastKnownFileType = sourcecode.swift; path = LocationManager.swift; sourceTree = "<group>"; };
		D7356467260897400000A7F4 /* CoreLocation.framework */ = {isa = PBXFileReference; lastKnownFileType = wrapper.framework; name = CoreLocation.framework; path = System/Library/Frameworks/CoreLocation.framework; sourceTree = SDKROOT; };
		D748441F25384C5600BFF55A /* KWKWebView.app */ = {isa = PBXFileReference; explicitFileType = wrapper.application; includeInIndex = 0; path = KWKWebView.app; sourceTree = BUILT_PRODUCTS_DIR; };
		D748442225384C5600BFF55A /* AppDelegate.swift */ = {isa = PBXFileReference; lastKnownFileType = sourcecode.swift; path = AppDelegate.swift; sourceTree = "<group>"; };
		D748442425384C5600BFF55A /* SceneDelegate.swift */ = {isa = PBXFileReference; lastKnownFileType = sourcecode.swift; path = SceneDelegate.swift; sourceTree = "<group>"; };
		D748442625384C5600BFF55A /* ViewController.swift */ = {isa = PBXFileReference; lastKnownFileType = sourcecode.swift; path = ViewController.swift; sourceTree = "<group>"; };
		D748442925384C5600BFF55A /* Base */ = {isa = PBXFileReference; lastKnownFileType = file.storyboard; name = Base; path = Base.lproj/Main.storyboard; sourceTree = "<group>"; };
		D748442C25384C5600BFF55A /* WKWebViewContainer.xcdatamodel */ = {isa = PBXFileReference; lastKnownFileType = wrapper.xcdatamodel; path = WKWebViewContainer.xcdatamodel; sourceTree = "<group>"; };
		D748442E25384C5A00BFF55A /* Assets.xcassets */ = {isa = PBXFileReference; lastKnownFileType = folder.assetcatalog; path = Assets.xcassets; sourceTree = "<group>"; };
		D748443125384C5A00BFF55A /* Base */ = {isa = PBXFileReference; lastKnownFileType = file.storyboard; name = Base; path = Base.lproj/LaunchScreen.storyboard; sourceTree = "<group>"; };
		D748443325384C5A00BFF55A /* Info.plist */ = {isa = PBXFileReference; lastKnownFileType = text.plist.xml; path = Info.plist; sourceTree = "<group>"; };
		D75B8C112603455C008F2122 /* SettingsViewController.swift */ = {isa = PBXFileReference; lastKnownFileType = sourcecode.swift; path = SettingsViewController.swift; sourceTree = "<group>"; };
		D77B5567260B20E8005D9F67 /* GlobalSettings.swift */ = {isa = PBXFileReference; lastKnownFileType = sourcecode.swift; path = GlobalSettings.swift; sourceTree = "<group>"; };
		D796800D2602F4B800731902 /* Extension+UIView.swift */ = {isa = PBXFileReference; lastKnownFileType = sourcecode.swift; path = "Extension+UIView.swift"; sourceTree = "<group>"; };
		D79680112602FAE500731902 /* KWKWebViewConfig.swift */ = {isa = PBXFileReference; lastKnownFileType = sourcecode.swift; path = KWKWebViewConfig.swift; sourceTree = "<group>"; };
		D796801526031D5500731902 /* KWKWebViewDelegate.swift */ = {isa = PBXFileReference; lastKnownFileType = sourcecode.swift; path = KWKWebViewDelegate.swift; sourceTree = "<group>"; };
		D796801E26032C4400731902 /* ProgressView.swift */ = {isa = PBXFileReference; lastKnownFileType = sourcecode.swift; path = ProgressView.swift; sourceTree = "<group>"; };
		D7B1305A261EF86B00352BFE /* CellDelegate.swift */ = {isa = PBXFileReference; lastKnownFileType = sourcecode.swift; path = CellDelegate.swift; sourceTree = "<group>"; };
		D7B495BA260DE28600BF36F7 /* ToggleCell.swift */ = {isa = PBXFileReference; lastKnownFileType = sourcecode.swift; path = ToggleCell.swift; sourceTree = "<group>"; };
		D7B948232539713500CF33A6 /* www.bundle */ = {isa = PBXFileReference; lastKnownFileType = "wrapper.plug-in"; path = www.bundle; sourceTree = "<group>"; };
		D7EE6FF9260C82D9009DB791 /* SettingsTableViewCell.swift */ = {isa = PBXFileReference; lastKnownFileType = sourcecode.swift; path = SettingsTableViewCell.swift; sourceTree = "<group>"; };
/* End PBXFileReference section */

/* Begin PBXFrameworksBuildPhase section */
		D748441C25384C5600BFF55A /* Frameworks */ = {
			isa = PBXFrameworksBuildPhase;
			buildActionMask = 2147483647;
			files = (
				D7356468260897400000A7F4 /* CoreLocation.framework in Frameworks */,
				D70F3986261D7F9500BDC033 /* SnapKit in Frameworks */,
				D7E1B54D2601D7E90074794D /* Zip in Frameworks */,
				D7E1B5492601D7B10074794D /* SwiftyJSON in Frameworks */,
			);
			runOnlyForDeploymentPostprocessing = 0;
		};
/* End PBXFrameworksBuildPhase section */

/* Begin PBXGroup section */
		D7356466260897400000A7F4 /* Frameworks */ = {
			isa = PBXGroup;
			children = (
				D7356467260897400000A7F4 /* CoreLocation.framework */,
			);
			name = Frameworks;
			sourceTree = "<group>";
		};
		D748441625384C5600BFF55A = {
			isa = PBXGroup;
			children = (
				D748442125384C5600BFF55A /* WKWebViewContainer */,
				D748442025384C5600BFF55A /* Products */,
				D7356466260897400000A7F4 /* Frameworks */,
			);
			sourceTree = "<group>";
		};
		D748442025384C5600BFF55A /* Products */ = {
			isa = PBXGroup;
			children = (
				D748441F25384C5600BFF55A /* KWKWebView.app */,
			);
			name = Products;
			sourceTree = "<group>";
		};
		D748442125384C5600BFF55A /* WKWebViewContainer */ = {
			isa = PBXGroup;
			children = (
				D796802426032DEE00731902 /* KWKWebView */,
				D796802626032E3700731902 /* Utils */,
				D748442225384C5600BFF55A /* AppDelegate.swift */,
				D748442425384C5600BFF55A /* SceneDelegate.swift */,
				D748442625384C5600BFF55A /* ViewController.swift */,
				D748443025384C5A00BFF55A /* LaunchScreen.storyboard */,
				D748442825384C5600BFF55A /* Main.storyboard */,
				D748443325384C5A00BFF55A /* Info.plist */,
				D748442B25384C5600BFF55A /* WKWebView.xcdatamodeld */,
				D748442E25384C5A00BFF55A /* Assets.xcassets */,
				D7B948232539713500CF33A6 /* www.bundle */,
			);
			path = WKWebViewContainer;
			sourceTree = "<group>";
		};
		D796802426032DEE00731902 /* KWKWebView */ = {
			isa = PBXGroup;
			children = (
				D70BEF9A253949CA0020FB30 /* KWKWebView.swift */,
				D79680112602FAE500731902 /* KWKWebViewConfig.swift */,
				D796801526031D5500731902 /* KWKWebViewDelegate.swift */,
				D796801E26032C4400731902 /* ProgressView.swift */,
				D7089F6A260477BD00495322 /* ProgressDelegate.swift */,
				D706535A2604B205006F2901 /* Settings.storyboard */,
				D75B8C112603455C008F2122 /* SettingsViewController.swift */,
				D7EE6FF9260C82D9009DB791 /* SettingsTableViewCell.swift */,
			);
			path = KWKWebView;
			sourceTree = "<group>";
		};
		D796802626032E3700731902 /* Utils */ = {
			isa = PBXGroup;
			children = (
				D7B1305A261EF86B00352BFE /* CellDelegate.swift */,
				D796800D2602F4B800731902 /* Extension+UIView.swift */,
				D70BEF9F2539507F0020FB30 /* FileUtils.swift */,
				D70F3988261D822700BDC033 /* GlobalViewSettings.swift */,
				D77B5567260B20E8005D9F67 /* GlobalSettings.swift */,
				D7356463260896A20000A7F4 /* LocationManager.swift */,
				D70F398C261D967200BDC033 /* NumberCell.swift */,
				D7B495BA260DE28600BF36F7 /* ToggleCell.swift */,
			);
			path = Utils;
			sourceTree = "<group>";
		};
/* End PBXGroup section */

/* Begin PBXNativeTarget section */
		D748441E25384C5600BFF55A /* KWKWebView */ = {
			isa = PBXNativeTarget;
			buildConfigurationList = D748444C25384C5B00BFF55A /* Build configuration list for PBXNativeTarget "KWKWebView" */;
			buildPhases = (
				D748441B25384C5600BFF55A /* Sources */,
				D748441C25384C5600BFF55A /* Frameworks */,
				D748441D25384C5600BFF55A /* Resources */,
			);
			buildRules = (
			);
			dependencies = (
			);
			name = KWKWebView;
			packageProductDependencies = (
				D7E1B5482601D7B10074794D /* SwiftyJSON */,
				D7E1B54C2601D7E90074794D /* Zip */,
				D70F3985261D7F9500BDC033 /* SnapKit */,
			);
			productName = WKWebViewContainer;
			productReference = D748441F25384C5600BFF55A /* KWKWebView.app */;
			productType = "com.apple.product-type.application";
		};
/* End PBXNativeTarget section */

/* Begin PBXProject section */
		D748441725384C5600BFF55A /* Project object */ = {
			isa = PBXProject;
			attributes = {
				LastSwiftUpdateCheck = 1200;
				LastUpgradeCheck = 1240;
				TargetAttributes = {
					D748441E25384C5600BFF55A = {
						CreatedOnToolsVersion = 12.0.1;
					};
				};
			};
			buildConfigurationList = D748441A25384C5600BFF55A /* Build configuration list for PBXProject "WKWebView" */;
			compatibilityVersion = "Xcode 9.3";
			developmentRegion = en;
			hasScannedForEncodings = 0;
			knownRegions = (
				en,
				Base,
			);
			mainGroup = D748441625384C5600BFF55A;
			packageReferences = (
				D7E1B5472601D7B10074794D /* XCRemoteSwiftPackageReference "SwiftyJSON" */,
				D7E1B54B2601D7E90074794D /* XCRemoteSwiftPackageReference "Zip" */,
				D70F3984261D7F9500BDC033 /* XCRemoteSwiftPackageReference "SnapKit" */,
			);
			productRefGroup = D748442025384C5600BFF55A /* Products */;
			projectDirPath = "";
			projectRoot = "";
			targets = (
				D748441E25384C5600BFF55A /* KWKWebView */,
			);
		};
/* End PBXProject section */

/* Begin PBXResourcesBuildPhase section */
		D748441D25384C5600BFF55A /* Resources */ = {
			isa = PBXResourcesBuildPhase;
			buildActionMask = 2147483647;
			files = (
				D748443225384C5A00BFF55A /* LaunchScreen.storyboard in Resources */,
				D748442F25384C5A00BFF55A /* Assets.xcassets in Resources */,
				D748442A25384C5600BFF55A /* Main.storyboard in Resources */,
				D7B948242539713500CF33A6 /* www.bundle in Resources */,
				D706535B2604B205006F2901 /* Settings.storyboard in Resources */,
			);
			runOnlyForDeploymentPostprocessing = 0;
		};
/* End PBXResourcesBuildPhase section */

/* Begin PBXSourcesBuildPhase section */
		D748441B25384C5600BFF55A /* Sources */ = {
			isa = PBXSourcesBuildPhase;
			buildActionMask = 2147483647;
			files = (
				D796800E2602F4B800731902 /* Extension+UIView.swift in Sources */,
				D75B8C122603455C008F2122 /* SettingsViewController.swift in Sources */,
				D748442725384C5600BFF55A /* ViewController.swift in Sources */,
				D77B5568260B20E8005D9F67 /* GlobalSettings.swift in Sources */,
				D796801626031D5500731902 /* KWKWebViewDelegate.swift in Sources */,
				D70F3989261D822700BDC033 /* GlobalViewSettings.swift in Sources */,
				D748442D25384C5600BFF55A /* WKWebView.xcdatamodeld in Sources */,
				D7089F6B260477BD00495322 /* ProgressDelegate.swift in Sources */,
				D748442325384C5600BFF55A /* AppDelegate.swift in Sources */,
				D7EE6FFA260C82D9009DB791 /* SettingsTableViewCell.swift in Sources */,
				D70BEFA02539507F0020FB30 /* FileUtils.swift in Sources */,
				D79680122602FAE500731902 /* KWKWebViewConfig.swift in Sources */,
				D7B1305B261EF86B00352BFE /* CellDelegate.swift in Sources */,
				D796801F26032C4400731902 /* ProgressView.swift in Sources */,
				D70BEF9B253949CA0020FB30 /* KWKWebView.swift in Sources */,
				D70F398D261D967200BDC033 /* NumberCell.swift in Sources */,
				D7B495BB260DE28600BF36F7 /* ToggleCell.swift in Sources */,
				D748442525384C5600BFF55A /* SceneDelegate.swift in Sources */,
				D7356464260896A20000A7F4 /* LocationManager.swift in Sources */,
			);
			runOnlyForDeploymentPostprocessing = 0;
		};
/* End PBXSourcesBuildPhase section */

/* Begin PBXVariantGroup section */
		D748442825384C5600BFF55A /* Main.storyboard */ = {
			isa = PBXVariantGroup;
			children = (
				D748442925384C5600BFF55A /* Base */,
			);
			name = Main.storyboard;
			sourceTree = "<group>";
		};
		D748443025384C5A00BFF55A /* LaunchScreen.storyboard */ = {
			isa = PBXVariantGroup;
			children = (
				D748443125384C5A00BFF55A /* Base */,
			);
			name = LaunchScreen.storyboard;
			sourceTree = "<group>";
		};
/* End PBXVariantGroup section */

/* Begin XCBuildConfiguration section */
		D748444A25384C5B00BFF55A /* Debug */ = {
			isa = XCBuildConfiguration;
			buildSettings = {
				ALWAYS_SEARCH_USER_PATHS = NO;
				CLANG_ANALYZER_NONNULL = YES;
				CLANG_ANALYZER_NUMBER_OBJECT_CONVERSION = YES_AGGRESSIVE;
				CLANG_CXX_LANGUAGE_STANDARD = "gnu++14";
				CLANG_CXX_LIBRARY = "libc++";
				CLANG_ENABLE_MODULES = YES;
				CLANG_ENABLE_OBJC_ARC = YES;
				CLANG_ENABLE_OBJC_WEAK = YES;
				CLANG_WARN_BLOCK_CAPTURE_AUTORELEASING = YES;
				CLANG_WARN_BOOL_CONVERSION = YES;
				CLANG_WARN_COMMA = YES;
				CLANG_WARN_CONSTANT_CONVERSION = YES;
				CLANG_WARN_DEPRECATED_OBJC_IMPLEMENTATIONS = YES;
				CLANG_WARN_DIRECT_OBJC_ISA_USAGE = YES_ERROR;
				CLANG_WARN_DOCUMENTATION_COMMENTS = YES;
				CLANG_WARN_EMPTY_BODY = YES;
				CLANG_WARN_ENUM_CONVERSION = YES;
				CLANG_WARN_INFINITE_RECURSION = YES;
				CLANG_WARN_INT_CONVERSION = YES;
				CLANG_WARN_NON_LITERAL_NULL_CONVERSION = YES;
				CLANG_WARN_OBJC_IMPLICIT_RETAIN_SELF = YES;
				CLANG_WARN_OBJC_LITERAL_CONVERSION = YES;
				CLANG_WARN_OBJC_ROOT_CLASS = YES_ERROR;
				CLANG_WARN_QUOTED_INCLUDE_IN_FRAMEWORK_HEADER = YES;
				CLANG_WARN_RANGE_LOOP_ANALYSIS = YES;
				CLANG_WARN_STRICT_PROTOTYPES = YES;
				CLANG_WARN_SUSPICIOUS_MOVE = YES;
				CLANG_WARN_UNGUARDED_AVAILABILITY = YES_AGGRESSIVE;
				CLANG_WARN_UNREACHABLE_CODE = YES;
				CLANG_WARN__DUPLICATE_METHOD_MATCH = YES;
				COPY_PHASE_STRIP = NO;
				DEBUG_INFORMATION_FORMAT = dwarf;
				ENABLE_STRICT_OBJC_MSGSEND = YES;
				ENABLE_TESTABILITY = YES;
				GCC_C_LANGUAGE_STANDARD = gnu11;
				GCC_DYNAMIC_NO_PIC = NO;
				GCC_NO_COMMON_BLOCKS = YES;
				GCC_OPTIMIZATION_LEVEL = 0;
				GCC_PREPROCESSOR_DEFINITIONS = (
					"DEBUG=1",
					"$(inherited)",
				);
				GCC_WARN_64_TO_32_BIT_CONVERSION = YES;
				GCC_WARN_ABOUT_RETURN_TYPE = YES_ERROR;
				GCC_WARN_UNDECLARED_SELECTOR = YES;
				GCC_WARN_UNINITIALIZED_AUTOS = YES_AGGRESSIVE;
				GCC_WARN_UNUSED_FUNCTION = YES;
				GCC_WARN_UNUSED_VARIABLE = YES;
				IPHONEOS_DEPLOYMENT_TARGET = 13.0;
				MTL_ENABLE_DEBUG_INFO = INCLUDE_SOURCE;
				MTL_FAST_MATH = YES;
				ONLY_ACTIVE_ARCH = YES;
				SDKROOT = iphoneos;
				SWIFT_ACTIVE_COMPILATION_CONDITIONS = DEBUG;
				SWIFT_OPTIMIZATION_LEVEL = "-Onone";
			};
			name = Debug;
		};
		D748444B25384C5B00BFF55A /* Release */ = {
			isa = XCBuildConfiguration;
			buildSettings = {
				ALWAYS_SEARCH_USER_PATHS = NO;
				CLANG_ANALYZER_NONNULL = YES;
				CLANG_ANALYZER_NUMBER_OBJECT_CONVERSION = YES_AGGRESSIVE;
				CLANG_CXX_LANGUAGE_STANDARD = "gnu++14";
				CLANG_CXX_LIBRARY = "libc++";
				CLANG_ENABLE_MODULES = YES;
				CLANG_ENABLE_OBJC_ARC = YES;
				CLANG_ENABLE_OBJC_WEAK = YES;
				CLANG_WARN_BLOCK_CAPTURE_AUTORELEASING = YES;
				CLANG_WARN_BOOL_CONVERSION = YES;
				CLANG_WARN_COMMA = YES;
				CLANG_WARN_CONSTANT_CONVERSION = YES;
				CLANG_WARN_DEPRECATED_OBJC_IMPLEMENTATIONS = YES;
				CLANG_WARN_DIRECT_OBJC_ISA_USAGE = YES_ERROR;
				CLANG_WARN_DOCUMENTATION_COMMENTS = YES;
				CLANG_WARN_EMPTY_BODY = YES;
				CLANG_WARN_ENUM_CONVERSION = YES;
				CLANG_WARN_INFINITE_RECURSION = YES;
				CLANG_WARN_INT_CONVERSION = YES;
				CLANG_WARN_NON_LITERAL_NULL_CONVERSION = YES;
				CLANG_WARN_OBJC_IMPLICIT_RETAIN_SELF = YES;
				CLANG_WARN_OBJC_LITERAL_CONVERSION = YES;
				CLANG_WARN_OBJC_ROOT_CLASS = YES_ERROR;
				CLANG_WARN_QUOTED_INCLUDE_IN_FRAMEWORK_HEADER = YES;
				CLANG_WARN_RANGE_LOOP_ANALYSIS = YES;
				CLANG_WARN_STRICT_PROTOTYPES = YES;
				CLANG_WARN_SUSPICIOUS_MOVE = YES;
				CLANG_WARN_UNGUARDED_AVAILABILITY = YES_AGGRESSIVE;
				CLANG_WARN_UNREACHABLE_CODE = YES;
				CLANG_WARN__DUPLICATE_METHOD_MATCH = YES;
				COPY_PHASE_STRIP = NO;
				DEBUG_INFORMATION_FORMAT = "dwarf-with-dsym";
				ENABLE_NS_ASSERTIONS = NO;
				ENABLE_STRICT_OBJC_MSGSEND = YES;
				GCC_C_LANGUAGE_STANDARD = gnu11;
				GCC_NO_COMMON_BLOCKS = YES;
				GCC_WARN_64_TO_32_BIT_CONVERSION = YES;
				GCC_WARN_ABOUT_RETURN_TYPE = YES_ERROR;
				GCC_WARN_UNDECLARED_SELECTOR = YES;
				GCC_WARN_UNINITIALIZED_AUTOS = YES_AGGRESSIVE;
				GCC_WARN_UNUSED_FUNCTION = YES;
				GCC_WARN_UNUSED_VARIABLE = YES;
				IPHONEOS_DEPLOYMENT_TARGET = 13.0;
				MTL_ENABLE_DEBUG_INFO = NO;
				MTL_FAST_MATH = YES;
				SDKROOT = iphoneos;
				SWIFT_COMPILATION_MODE = wholemodule;
				SWIFT_OPTIMIZATION_LEVEL = "-O";
				VALIDATE_PRODUCT = YES;
			};
			name = Release;
		};
		D748444D25384C5B00BFF55A /* Debug */ = {
			isa = XCBuildConfiguration;
			buildSettings = {
				ASSETCATALOG_COMPILER_APPICON_NAME = AppIcon;
				ASSETCATALOG_COMPILER_GLOBAL_ACCENT_COLOR_NAME = AccentColor;
				CODE_SIGN_STYLE = Automatic;
				DEVELOPMENT_TEAM = 4S5QJYZKK2;
				INFOPLIST_FILE = WKWebViewContainer/Info.plist;
				IPHONEOS_DEPLOYMENT_TARGET = 13.0;
				LD_RUNPATH_SEARCH_PATHS = (
					"$(inherited)",
					"@executable_path/Frameworks",
				);
				"OTHER_SWIFT_FLAGS[arch=*]" = "-DDEBUG";
				PRODUCT_BUNDLE_IDENTIFIER = Kuo.WKWebViewContainer;
				PRODUCT_NAME = "$(TARGET_NAME)";
				SWIFT_VERSION = 5.0;
				TARGETED_DEVICE_FAMILY = 1;
			};
			name = Debug;
		};
		D748444E25384C5B00BFF55A /* Release */ = {
			isa = XCBuildConfiguration;
			buildSettings = {
				ASSETCATALOG_COMPILER_APPICON_NAME = AppIcon;
				ASSETCATALOG_COMPILER_GLOBAL_ACCENT_COLOR_NAME = AccentColor;
				CODE_SIGN_STYLE = Automatic;
				DEVELOPMENT_TEAM = 4S5QJYZKK2;
				INFOPLIST_FILE = WKWebViewContainer/Info.plist;
				IPHONEOS_DEPLOYMENT_TARGET = 13.0;
				LD_RUNPATH_SEARCH_PATHS = (
					"$(inherited)",
					"@executable_path/Frameworks",
				);
				PRODUCT_BUNDLE_IDENTIFIER = Kuo.WKWebViewContainer;
				PRODUCT_NAME = "$(TARGET_NAME)";
				SWIFT_VERSION = 5.0;
				TARGETED_DEVICE_FAMILY = 1;
			};
			name = Release;
		};
/* End XCBuildConfiguration section */

/* Begin XCConfigurationList section */
		D748441A25384C5600BFF55A /* Build configuration list for PBXProject "WKWebView" */ = {
			isa = XCConfigurationList;
			buildConfigurations = (
				D748444A25384C5B00BFF55A /* Debug */,
				D748444B25384C5B00BFF55A /* Release */,
			);
			defaultConfigurationIsVisible = 0;
			defaultConfigurationName = Release;
		};
		D748444C25384C5B00BFF55A /* Build configuration list for PBXNativeTarget "KWKWebView" */ = {
			isa = XCConfigurationList;
			buildConfigurations = (
				D748444D25384C5B00BFF55A /* Debug */,
				D748444E25384C5B00BFF55A /* Release */,
			);
			defaultConfigurationIsVisible = 0;
			defaultConfigurationName = Release;
		};
/* End XCConfigurationList section */

/* Begin XCRemoteSwiftPackageReference section */
		D70F3984261D7F9500BDC033 /* XCRemoteSwiftPackageReference "SnapKit" */ = {
			isa = XCRemoteSwiftPackageReference;
			repositoryURL = "https://github.com/SnapKit/SnapKit.git";
			requirement = {
				kind = upToNextMajorVersion;
				minimumVersion = 5.0.1;
			};
		};
		D7E1B5472601D7B10074794D /* XCRemoteSwiftPackageReference "SwiftyJSON" */ = {
			isa = XCRemoteSwiftPackageReference;
			repositoryURL = "https://gitee.com/channingk/SwiftyJSON.git";
			requirement = {
				kind = exactVersion;
				version = 5.0.0;
			};
		};
		D7E1B54B2601D7E90074794D /* XCRemoteSwiftPackageReference "Zip" */ = {
			isa = XCRemoteSwiftPackageReference;
			repositoryURL = "https://gitee.com/channingk/Zip.git";
			requirement = {
				kind = exactVersion;
				version = 2.1.1;
			};
		};
/* End XCRemoteSwiftPackageReference section */

/* Begin XCSwiftPackageProductDependency section */
		D70F3985261D7F9500BDC033 /* SnapKit */ = {
			isa = XCSwiftPackageProductDependency;
			package = D70F3984261D7F9500BDC033 /* XCRemoteSwiftPackageReference "SnapKit" */;
			productName = SnapKit;
		};
		D7E1B5482601D7B10074794D /* SwiftyJSON */ = {
			isa = XCSwiftPackageProductDependency;
			package = D7E1B5472601D7B10074794D /* XCRemoteSwiftPackageReference "SwiftyJSON" */;
			productName = SwiftyJSON;
		};
		D7E1B54C2601D7E90074794D /* Zip */ = {
			isa = XCSwiftPackageProductDependency;
			package = D7E1B54B2601D7E90074794D /* XCRemoteSwiftPackageReference "Zip" */;
			productName = Zip;
		};
/* End XCSwiftPackageProductDependency section */

/* Begin XCVersionGroup section */
		D748442B25384C5600BFF55A /* WKWebView.xcdatamodeld */ = {
			isa = XCVersionGroup;
			children = (
				D748442C25384C5600BFF55A /* WKWebViewContainer.xcdatamodel */,
			);
			currentVersion = D748442C25384C5600BFF55A /* WKWebViewContainer.xcdatamodel */;
			path = WKWebView.xcdatamodeld;
			sourceTree = "<group>";
			versionGroupType = wrapper.xcdatamodel;
		};
/* End XCVersionGroup section */
	};
	rootObject = D748441725384C5600BFF55A /* Project object */;
}
