// !$*UTF8*$!
{
	archiveVersion = 1;
	classes = {
	};
	objectVersion = 52;
	objects = {

/* Begin PBXBuildFile section */
		D700C2F026201E3700A7AA9A /* LocationUtils.swift in Sources */ = {isa = PBXBuildFile; fileRef = D700C2EF26201E3700A7AA9A /* LocationUtils.swift */; };
		D700EBAA26391431005D9200 /* LocationDelegate.swift in Sources */ = {isa = PBXBuildFile; fileRef = D700EBA926391431005D9200 /* LocationDelegate.swift */; };
		D706535B2604B205006F2901 /* Settings.storyboard in Resources */ = {isa = PBXBuildFile; fileRef = D706535A2604B205006F2901 /* Settings.storyboard */; };
		D7089F6B260477BD00495322 /* ProgressDelegate.swift in Sources */ = {isa = PBXBuildFile; fileRef = D7089F6A260477BD00495322 /* ProgressDelegate.swift */; };
		D70BEF9B253949CA0020FB30 /* KWKWebView.swift in Sources */ = {isa = PBXBuildFile; fileRef = D70BEF9A253949CA0020FB30 /* KWKWebView.swift */; };
		D70BEFA02539507F0020FB30 /* FileUtils.swift in Sources */ = {isa = PBXBuildFile; fileRef = D70BEF9F2539507F0020FB30 /* FileUtils.swift */; };
		D70F02342645314B001ACE5F /* jpush-extension-ios-1.1.2.a in Frameworks */ = {isa = PBXBuildFile; fileRef = D70F023126453148001ACE5F /* jpush-extension-ios-1.1.2.a */; };
		D70F02352645314B001ACE5F /* jpush-ios-3.5.2.a in Frameworks */ = {isa = PBXBuildFile; fileRef = D70F023226453149001ACE5F /* jpush-ios-3.5.2.a */; };
		D70F02362645314B001ACE5F /* jcore-noidfa-ios-2.6.2.a in Frameworks */ = {isa = PBXBuildFile; fileRef = D70F02332645314B001ACE5F /* jcore-noidfa-ios-2.6.2.a */; };
		D70F02382645317F001ACE5F /* CFNetwork.framework in Frameworks */ = {isa = PBXBuildFile; fileRef = D70F02372645317F001ACE5F /* CFNetwork.framework */; };
		D70F023A26453198001ACE5F /* CoreFoundation.framework in Frameworks */ = {isa = PBXBuildFile; fileRef = D70F023926453198001ACE5F /* CoreFoundation.framework */; };
		D70F023C264531A2001ACE5F /* CoreTelephony.framework in Frameworks */ = {isa = PBXBuildFile; fileRef = D70F023B264531A2001ACE5F /* CoreTelephony.framework */; };
		D70F023E264531AC001ACE5F /* SystemConfiguration.framework in Frameworks */ = {isa = PBXBuildFile; fileRef = D70F023D264531AC001ACE5F /* SystemConfiguration.framework */; };
		D70F0240264531B6001ACE5F /* CoreGraphics.framework in Frameworks */ = {isa = PBXBuildFile; fileRef = D70F023F264531B6001ACE5F /* CoreGraphics.framework */; };
		D70F0242264531C1001ACE5F /* Foundation.framework in Frameworks */ = {isa = PBXBuildFile; fileRef = D70F0241264531C1001ACE5F /* Foundation.framework */; };
		D70F0244264531C9001ACE5F /* UIKit.framework in Frameworks */ = {isa = PBXBuildFile; fileRef = D70F0243264531C9001ACE5F /* UIKit.framework */; };
		D70F0246264531CF001ACE5F /* Security.framework in Frameworks */ = {isa = PBXBuildFile; fileRef = D70F0245264531CF001ACE5F /* Security.framework */; };
		D70F0248264531E5001ACE5F /* UserNotifications.framework in Frameworks */ = {isa = PBXBuildFile; fileRef = D70F0247264531E5001ACE5F /* UserNotifications.framework */; };
		D70F024A264531F8001ACE5F /* libresolv.tbd in Frameworks */ = {isa = PBXBuildFile; fileRef = D70F0249264531F8001ACE5F /* libresolv.tbd */; };
		D70F024C2645320C001ACE5F /* WebKit.framework in Frameworks */ = {isa = PBXBuildFile; fileRef = D70F024B2645320C001ACE5F /* WebKit.framework */; };
		D70F0251264532AC001ACE5F /* ExternalAccessory.framework in Frameworks */ = {isa = PBXBuildFile; fileRef = D70F0250264532AC001ACE5F /* ExternalAccessory.framework */; };
		D70F3986261D7F9500BDC033 /* SnapKit in Frameworks */ = {isa = PBXBuildFile; productRef = D70F3985261D7F9500BDC033 /* SnapKit */; };
		D70F398D261D967200BDC033 /* NumberCell.swift in Sources */ = {isa = PBXBuildFile; fileRef = D70F398C261D967200BDC033 /* NumberCell.swift */; };
		D71C08D426240D0200443582 /* ImageUtils.swift in Sources */ = {isa = PBXBuildFile; fileRef = D71C08D326240D0200443582 /* ImageUtils.swift */; };
		D71C08D7262438C400443582 /* PreviewController.swift in Sources */ = {isa = PBXBuildFile; fileRef = D71C08D6262438C400443582 /* PreviewController.swift */; };
		D71C08DC2624394400443582 /* Preview.storyboard in Resources */ = {isa = PBXBuildFile; fileRef = D71C08DB2624394400443582 /* Preview.storyboard */; };
		D720FF2C26326D780048AE91 /* KWKJSCoreBridge.swift in Sources */ = {isa = PBXBuildFile; fileRef = D720FF2B26326D780048AE91 /* KWKJSCoreBridge.swift */; };
		D7356464260896A20000A7F4 /* KLocationManager.swift in Sources */ = {isa = PBXBuildFile; fileRef = D7356463260896A20000A7F4 /* KLocationManager.swift */; };
		D7356468260897400000A7F4 /* CoreLocation.framework in Frameworks */ = {isa = PBXBuildFile; fileRef = D7356467260897400000A7F4 /* CoreLocation.framework */; };
		D7382E1F262FED7F00B9C524 /* Alamofire in Frameworks */ = {isa = PBXBuildFile; productRef = D7382E1E262FED7F00B9C524 /* Alamofire */; };
		D7382E22262FEDC300B9C524 /* WwwUtils.swift in Sources */ = {isa = PBXBuildFile; fileRef = D7382E21262FEDC300B9C524 /* WwwUtils.swift */; };
		D747612B2637AB0000A9FCA0 /* README.md in Resources */ = {isa = PBXBuildFile; fileRef = D747612A2637AB0000A9FCA0 /* README.md */; };
		D748442325384C5600BFF55A /* AppDelegate.swift in Sources */ = {isa = PBXBuildFile; fileRef = D748442225384C5600BFF55A /* AppDelegate.swift */; };
		D748442525384C5600BFF55A /* SceneDelegate.swift in Sources */ = {isa = PBXBuildFile; fileRef = D748442425384C5600BFF55A /* SceneDelegate.swift */; };
		D748442725384C5600BFF55A /* ViewController.swift in Sources */ = {isa = PBXBuildFile; fileRef = D748442625384C5600BFF55A /* ViewController.swift */; };
		D748442A25384C5600BFF55A /* Main.storyboard in Resources */ = {isa = PBXBuildFile; fileRef = D748442825384C5600BFF55A /* Main.storyboard */; };
		D748442D25384C5600BFF55A /* WKWebView.xcdatamodeld in Sources */ = {isa = PBXBuildFile; fileRef = D748442B25384C5600BFF55A /* WKWebView.xcdatamodeld */; };
		D748442F25384C5A00BFF55A /* Assets.xcassets in Resources */ = {isa = PBXBuildFile; fileRef = D748442E25384C5A00BFF55A /* Assets.xcassets */; };
		D748443225384C5A00BFF55A /* LaunchScreen.storyboard in Resources */ = {isa = PBXBuildFile; fileRef = D748443025384C5A00BFF55A /* LaunchScreen.storyboard */; };
		D75B8C122603455C008F2122 /* SettingsViewController.swift in Sources */ = {isa = PBXBuildFile; fileRef = D75B8C112603455C008F2122 /* SettingsViewController.swift */; };
		D77B5568260B20E8005D9F67 /* GlobalSettings.swift in Sources */ = {isa = PBXBuildFile; fileRef = D77B5567260B20E8005D9F67 /* GlobalSettings.swift */; };
		D796800E2602F4B800731902 /* Extension+UIView.swift in Sources */ = {isa = PBXBuildFile; fileRef = D796800D2602F4B800731902 /* Extension+UIView.swift */; };
		D79680122602FAE500731902 /* KWKWebViewConfig.swift in Sources */ = {isa = PBXBuildFile; fileRef = D79680112602FAE500731902 /* KWKWebViewConfig.swift */; };
		D796801F26032C4400731902 /* ProgressView.swift in Sources */ = {isa = PBXBuildFile; fileRef = D796801E26032C4400731902 /* ProgressView.swift */; };
		D7B1305B261EF86B00352BFE /* CellDelegate.swift in Sources */ = {isa = PBXBuildFile; fileRef = D7B1305A261EF86B00352BFE /* CellDelegate.swift */; };
		D7B2FC9026312A4600B4EB04 /* ProgressBar.swift in Sources */ = {isa = PBXBuildFile; fileRef = D7B2FC8F26312A4600B4EB04 /* ProgressBar.swift */; };
		D7B2FC9526317F8400B4EB04 /* KWKJSBridge.js in Resources */ = {isa = PBXBuildFile; fileRef = D7B2FC9426317F8400B4EB04 /* KWKJSBridge.js */; };
		D7B2FC982631858000B4EB04 /* KWKJSBridge.swift in Sources */ = {isa = PBXBuildFile; fileRef = D7B2FC972631858000B4EB04 /* KWKJSBridge.swift */; };
		D7B495BB260DE28600BF36F7 /* ToggleCell.swift in Sources */ = {isa = PBXBuildFile; fileRef = D7B495BA260DE28600BF36F7 /* ToggleCell.swift */; };
		D7B948242539713500CF33A6 /* www.bundle in Resources */ = {isa = PBXBuildFile; fileRef = D7B948232539713500CF33A6 /* www.bundle */; };
		D7BD1EBD26253D6C00AA76AE /* SDWebImage in Frameworks */ = {isa = PBXBuildFile; productRef = D7BD1EBC26253D6C00AA76AE /* SDWebImage */; };
		D7C4219F26327A6A0057C8F4 /* KWKJSThirdBridge.swift in Sources */ = {isa = PBXBuildFile; fileRef = D7C4219E26327A6A0057C8F4 /* KWKJSThirdBridge.swift */; };
		D7C421B02632C3190057C8F4 /* KWKNavigationDelegate.swift in Sources */ = {isa = PBXBuildFile; fileRef = D7C421AF2632C3190057C8F4 /* KWKNavigationDelegate.swift */; };
		D7CE282C262D853900DA2CC8 /* libz.tbd in Frameworks */ = {isa = PBXBuildFile; fileRef = D7CE282B262D853900DA2CC8 /* libz.tbd */; };
		D7CE2870262D8FFC00DA2CC8 /* GCDWebServerResponse.m in Sources */ = {isa = PBXBuildFile; fileRef = D7CE2854262D8FFC00DA2CC8 /* GCDWebServerResponse.m */; };
		D7CE2871262D8FFC00DA2CC8 /* GCDWebServerRequest.m in Sources */ = {isa = PBXBuildFile; fileRef = D7CE2857262D8FFC00DA2CC8 /* GCDWebServerRequest.m */; };
		D7CE2872262D8FFC00DA2CC8 /* GCDWebServerFunctions.m in Sources */ = {isa = PBXBuildFile; fileRef = D7CE285A262D8FFC00DA2CC8 /* GCDWebServerFunctions.m */; };
		D7CE2873262D8FFC00DA2CC8 /* GCDWebServer.m in Sources */ = {isa = PBXBuildFile; fileRef = D7CE285B262D8FFC00DA2CC8 /* GCDWebServer.m */; };
		D7CE2874262D8FFC00DA2CC8 /* GCDWebServerConnection.m in Sources */ = {isa = PBXBuildFile; fileRef = D7CE285C262D8FFC00DA2CC8 /* GCDWebServerConnection.m */; };
		D7CE2875262D8FFC00DA2CC8 /* GCDWebServerErrorResponse.m in Sources */ = {isa = PBXBuildFile; fileRef = D7CE2861262D8FFC00DA2CC8 /* GCDWebServerErrorResponse.m */; };
		D7CE2876262D8FFC00DA2CC8 /* GCDWebServerFileResponse.m in Sources */ = {isa = PBXBuildFile; fileRef = D7CE2863262D8FFC00DA2CC8 /* GCDWebServerFileResponse.m */; };
		D7CE2877262D8FFC00DA2CC8 /* GCDWebServerDataResponse.m in Sources */ = {isa = PBXBuildFile; fileRef = D7CE2864262D8FFC00DA2CC8 /* GCDWebServerDataResponse.m */; };
		D7CE2878262D8FFC00DA2CC8 /* GCDWebServerStreamedResponse.m in Sources */ = {isa = PBXBuildFile; fileRef = D7CE2866262D8FFC00DA2CC8 /* GCDWebServerStreamedResponse.m */; };
		D7CE2879262D8FFC00DA2CC8 /* GCDWebServerURLEncodedFormRequest.m in Sources */ = {isa = PBXBuildFile; fileRef = D7CE286B262D8FFC00DA2CC8 /* GCDWebServerURLEncodedFormRequest.m */; };
		D7CE287A262D8FFC00DA2CC8 /* GCDWebServerMultiPartFormRequest.m in Sources */ = {isa = PBXBuildFile; fileRef = D7CE286C262D8FFC00DA2CC8 /* GCDWebServerMultiPartFormRequest.m */; };
		D7CE287B262D8FFC00DA2CC8 /* GCDWebServerDataRequest.m in Sources */ = {isa = PBXBuildFile; fileRef = D7CE286D262D8FFC00DA2CC8 /* GCDWebServerDataRequest.m */; };
		D7CE287C262D8FFC00DA2CC8 /* GCDWebServerFileRequest.m in Sources */ = {isa = PBXBuildFile; fileRef = D7CE286E262D8FFC00DA2CC8 /* GCDWebServerFileRequest.m */; };
		D7E1B5492601D7B10074794D /* SwiftyJSON in Frameworks */ = {isa = PBXBuildFile; productRef = D7E1B5482601D7B10074794D /* SwiftyJSON */; };
		D7E1B54D2601D7E90074794D /* Zip in Frameworks */ = {isa = PBXBuildFile; productRef = D7E1B54C2601D7E90074794D /* Zip */; };
		D7EE6FFA260C82D9009DB791 /* SettingsTableViewCell.swift in Sources */ = {isa = PBXBuildFile; fileRef = D7EE6FF9260C82D9009DB791 /* SettingsTableViewCell.swift */; };
/* End PBXBuildFile section */

/* Begin PBXFileReference section */
		D700C2EF26201E3700A7AA9A /* LocationUtils.swift */ = {isa = PBXFileReference; lastKnownFileType = sourcecode.swift; path = LocationUtils.swift; sourceTree = "<group>"; };
		D700EBA926391431005D9200 /* LocationDelegate.swift */ = {isa = PBXFileReference; lastKnownFileType = sourcecode.swift; path = LocationDelegate.swift; sourceTree = "<group>"; };
		D706535A2604B205006F2901 /* Settings.storyboard */ = {isa = PBXFileReference; lastKnownFileType = file.storyboard; path = Settings.storyboard; sourceTree = "<group>"; };
		D7089F6A260477BD00495322 /* ProgressDelegate.swift */ = {isa = PBXFileReference; lastKnownFileType = sourcecode.swift; path = ProgressDelegate.swift; sourceTree = "<group>"; };
		D70BEF9A253949CA0020FB30 /* KWKWebView.swift */ = {isa = PBXFileReference; lastKnownFileType = sourcecode.swift; path = KWKWebView.swift; sourceTree = "<group>"; };
		D70BEF9F2539507F0020FB30 /* FileUtils.swift */ = {isa = PBXFileReference; lastKnownFileType = sourcecode.swift; path = FileUtils.swift; sourceTree = "<group>"; };
		D70F022F26453148001ACE5F /* JPushNotificationExtensionService.h */ = {isa = PBXFileReference; fileEncoding = 4; lastKnownFileType = sourcecode.c.h; path = JPushNotificationExtensionService.h; sourceTree = "<group>"; };
		D70F023026453148001ACE5F /* JPUSHService.h */ = {isa = PBXFileReference; fileEncoding = 4; lastKnownFileType = sourcecode.c.h; path = JPUSHService.h; sourceTree = "<group>"; };
		D70F023126453148001ACE5F /* jpush-extension-ios-1.1.2.a */ = {isa = PBXFileReference; lastKnownFileType = archive.ar; path = "jpush-extension-ios-1.1.2.a"; sourceTree = "<group>"; };
		D70F023226453149001ACE5F /* jpush-ios-3.5.2.a */ = {isa = PBXFileReference; lastKnownFileType = archive.ar; path = "jpush-ios-3.5.2.a"; sourceTree = "<group>"; };
		D70F02332645314B001ACE5F /* jcore-noidfa-ios-2.6.2.a */ = {isa = PBXFileReference; lastKnownFileType = archive.ar; path = "jcore-noidfa-ios-2.6.2.a"; sourceTree = "<group>"; };
		D70F02372645317F001ACE5F /* CFNetwork.framework */ = {isa = PBXFileReference; lastKnownFileType = wrapper.framework; name = CFNetwork.framework; path = System/Library/Frameworks/CFNetwork.framework; sourceTree = SDKROOT; };
		D70F023926453198001ACE5F /* CoreFoundation.framework */ = {isa = PBXFileReference; lastKnownFileType = wrapper.framework; name = CoreFoundation.framework; path = System/Library/Frameworks/CoreFoundation.framework; sourceTree = SDKROOT; };
		D70F023B264531A2001ACE5F /* CoreTelephony.framework */ = {isa = PBXFileReference; lastKnownFileType = wrapper.framework; name = CoreTelephony.framework; path = System/Library/Frameworks/CoreTelephony.framework; sourceTree = SDKROOT; };
		D70F023D264531AC001ACE5F /* SystemConfiguration.framework */ = {isa = PBXFileReference; lastKnownFileType = wrapper.framework; name = SystemConfiguration.framework; path = System/Library/Frameworks/SystemConfiguration.framework; sourceTree = SDKROOT; };
		D70F023F264531B6001ACE5F /* CoreGraphics.framework */ = {isa = PBXFileReference; lastKnownFileType = wrapper.framework; name = CoreGraphics.framework; path = System/Library/Frameworks/CoreGraphics.framework; sourceTree = SDKROOT; };
		D70F0241264531C1001ACE5F /* Foundation.framework */ = {isa = PBXFileReference; lastKnownFileType = wrapper.framework; name = Foundation.framework; path = System/Library/Frameworks/Foundation.framework; sourceTree = SDKROOT; };
		D70F0243264531C9001ACE5F /* UIKit.framework */ = {isa = PBXFileReference; lastKnownFileType = wrapper.framework; name = UIKit.framework; path = System/Library/Frameworks/UIKit.framework; sourceTree = SDKROOT; };
		D70F0245264531CF001ACE5F /* Security.framework */ = {isa = PBXFileReference; lastKnownFileType = wrapper.framework; name = Security.framework; path = System/Library/Frameworks/Security.framework; sourceTree = SDKROOT; };
		D70F0247264531E5001ACE5F /* UserNotifications.framework */ = {isa = PBXFileReference; lastKnownFileType = wrapper.framework; name = UserNotifications.framework; path = System/Library/Frameworks/UserNotifications.framework; sourceTree = SDKROOT; };
		D70F0249264531F8001ACE5F /* libresolv.tbd */ = {isa = PBXFileReference; lastKnownFileType = "sourcecode.text-based-dylib-definition"; name = libresolv.tbd; path = usr/lib/libresolv.tbd; sourceTree = SDKROOT; };
		D70F024B2645320C001ACE5F /* WebKit.framework */ = {isa = PBXFileReference; lastKnownFileType = wrapper.framework; name = WebKit.framework; path = System/Library/Frameworks/WebKit.framework; sourceTree = SDKROOT; };
		D70F024F264532AC001ACE5F /* KWKWebView.entitlements */ = {isa = PBXFileReference; lastKnownFileType = text.plist.entitlements; path = KWKWebView.entitlements; sourceTree = "<group>"; };
		D70F0250264532AC001ACE5F /* ExternalAccessory.framework */ = {isa = PBXFileReference; lastKnownFileType = wrapper.framework; name = ExternalAccessory.framework; path = System/Library/Frameworks/ExternalAccessory.framework; sourceTree = SDKROOT; };
		D70F02532645356A001ACE5F /* WKWebView-Bridging-Header.h */ = {isa = PBXFileReference; lastKnownFileType = sourcecode.c.h; path = "WKWebView-Bridging-Header.h"; sourceTree = "<group>"; };
		D70F398C261D967200BDC033 /* NumberCell.swift */ = {isa = PBXFileReference; lastKnownFileType = sourcecode.swift; path = NumberCell.swift; sourceTree = "<group>"; };
		D71C08CA2623F50C00443582 /* zh-Hans-CN */ = {isa = PBXFileReference; lastKnownFileType = text.plist.strings; name = "zh-Hans-CN"; path = "zh-Hans-CN.lproj/LaunchScreen.strings"; sourceTree = "<group>"; };
		D71C08CB2623F50C00443582 /* zh-Hans-CN */ = {isa = PBXFileReference; lastKnownFileType = text.plist.strings; name = "zh-Hans-CN"; path = "zh-Hans-CN.lproj/Main.strings"; sourceTree = "<group>"; };
		D71C08CC2623F56200443582 /* en-US */ = {isa = PBXFileReference; lastKnownFileType = text.plist.strings; name = "en-US"; path = "en-US.lproj/LaunchScreen.strings"; sourceTree = "<group>"; };
		D71C08CD2623F56200443582 /* en-US */ = {isa = PBXFileReference; lastKnownFileType = text.plist.strings; name = "en-US"; path = "en-US.lproj/Main.strings"; sourceTree = "<group>"; };
		D71C08D326240D0200443582 /* ImageUtils.swift */ = {isa = PBXFileReference; fileEncoding = 4; lastKnownFileType = sourcecode.swift; path = ImageUtils.swift; sourceTree = "<group>"; };
		D71C08D6262438C400443582 /* PreviewController.swift */ = {isa = PBXFileReference; lastKnownFileType = sourcecode.swift; path = PreviewController.swift; sourceTree = "<group>"; };
		D71C08DB2624394400443582 /* Preview.storyboard */ = {isa = PBXFileReference; lastKnownFileType = file.storyboard; path = Preview.storyboard; sourceTree = "<group>"; };
		D720FF2B26326D780048AE91 /* KWKJSCoreBridge.swift */ = {isa = PBXFileReference; lastKnownFileType = sourcecode.swift; path = KWKJSCoreBridge.swift; sourceTree = "<group>"; };
		D7356463260896A20000A7F4 /* KLocationManager.swift */ = {isa = PBXFileReference; lastKnownFileType = sourcecode.swift; path = KLocationManager.swift; sourceTree = "<group>"; };
		D7356467260897400000A7F4 /* CoreLocation.framework */ = {isa = PBXFileReference; lastKnownFileType = wrapper.framework; name = CoreLocation.framework; path = System/Library/Frameworks/CoreLocation.framework; sourceTree = SDKROOT; };
		D7382E21262FEDC300B9C524 /* WwwUtils.swift */ = {isa = PBXFileReference; lastKnownFileType = sourcecode.swift; path = WwwUtils.swift; sourceTree = "<group>"; };
		D747612A2637AB0000A9FCA0 /* README.md */ = {isa = PBXFileReference; fileEncoding = 4; lastKnownFileType = net.daringfireball.markdown; path = README.md; sourceTree = SOURCE_ROOT; };
		D748441F25384C5600BFF55A /* KWKWebView.app */ = {isa = PBXFileReference; explicitFileType = wrapper.application; includeInIndex = 0; path = KWKWebView.app; sourceTree = BUILT_PRODUCTS_DIR; };
		D748442225384C5600BFF55A /* AppDelegate.swift */ = {isa = PBXFileReference; lastKnownFileType = sourcecode.swift; path = AppDelegate.swift; sourceTree = "<group>"; };
		D748442425384C5600BFF55A /* SceneDelegate.swift */ = {isa = PBXFileReference; lastKnownFileType = sourcecode.swift; path = SceneDelegate.swift; sourceTree = "<group>"; };
		D748442625384C5600BFF55A /* ViewController.swift */ = {isa = PBXFileReference; lastKnownFileType = sourcecode.swift; path = ViewController.swift; sourceTree = "<group>"; };
		D748442925384C5600BFF55A /* Base */ = {isa = PBXFileReference; lastKnownFileType = file.storyboard; name = Base; path = Base.lproj/Main.storyboard; sourceTree = "<group>"; };
		D748442C25384C5600BFF55A /* WKWebViewContainer.xcdatamodel */ = {isa = PBXFileReference; lastKnownFileType = wrapper.xcdatamodel; path = WKWebViewContainer.xcdatamodel; sourceTree = "<group>"; };
		D748442E25384C5A00BFF55A /* Assets.xcassets */ = {isa = PBXFileReference; lastKnownFileType = folder.assetcatalog; path = Assets.xcassets; sourceTree = "<group>"; };
		D748443125384C5A00BFF55A /* Base */ = {isa = PBXFileReference; lastKnownFileType = file.storyboard; name = Base; path = Base.lproj/LaunchScreen.storyboard; sourceTree = "<group>"; };
		D748443325384C5A00BFF55A /* Info.plist */ = {isa = PBXFileReference; lastKnownFileType = text.plist.xml; path = Info.plist; sourceTree = "<group>"; };
		D75B8C112603455C008F2122 /* SettingsViewController.swift */ = {isa = PBXFileReference; lastKnownFileType = sourcecode.swift; path = SettingsViewController.swift; sourceTree = "<group>"; };
		D77B5567260B20E8005D9F67 /* GlobalSettings.swift */ = {isa = PBXFileReference; lastKnownFileType = sourcecode.swift; path = GlobalSettings.swift; sourceTree = "<group>"; };
		D796800D2602F4B800731902 /* Extension+UIView.swift */ = {isa = PBXFileReference; lastKnownFileType = sourcecode.swift; path = "Extension+UIView.swift"; sourceTree = "<group>"; };
		D79680112602FAE500731902 /* KWKWebViewConfig.swift */ = {isa = PBXFileReference; lastKnownFileType = sourcecode.swift; path = KWKWebViewConfig.swift; sourceTree = "<group>"; };
		D796801E26032C4400731902 /* ProgressView.swift */ = {isa = PBXFileReference; lastKnownFileType = sourcecode.swift; path = ProgressView.swift; sourceTree = "<group>"; };
		D7B1305A261EF86B00352BFE /* CellDelegate.swift */ = {isa = PBXFileReference; lastKnownFileType = sourcecode.swift; path = CellDelegate.swift; sourceTree = "<group>"; };
		D7B2FC8F26312A4600B4EB04 /* ProgressBar.swift */ = {isa = PBXFileReference; lastKnownFileType = sourcecode.swift; path = ProgressBar.swift; sourceTree = "<group>"; };
		D7B2FC9426317F8400B4EB04 /* KWKJSBridge.js */ = {isa = PBXFileReference; fileEncoding = 4; lastKnownFileType = sourcecode.javascript; path = KWKJSBridge.js; sourceTree = "<group>"; };
		D7B2FC972631858000B4EB04 /* KWKJSBridge.swift */ = {isa = PBXFileReference; lastKnownFileType = sourcecode.swift; path = KWKJSBridge.swift; sourceTree = "<group>"; };
		D7B495BA260DE28600BF36F7 /* ToggleCell.swift */ = {isa = PBXFileReference; lastKnownFileType = sourcecode.swift; path = ToggleCell.swift; sourceTree = "<group>"; };
		D7B948232539713500CF33A6 /* www.bundle */ = {isa = PBXFileReference; lastKnownFileType = "wrapper.plug-in"; path = www.bundle; sourceTree = "<group>"; };
		D7C4219E26327A6A0057C8F4 /* KWKJSThirdBridge.swift */ = {isa = PBXFileReference; lastKnownFileType = sourcecode.swift; path = KWKJSThirdBridge.swift; sourceTree = "<group>"; };
		D7C421AF2632C3190057C8F4 /* KWKNavigationDelegate.swift */ = {isa = PBXFileReference; lastKnownFileType = sourcecode.swift; path = KWKNavigationDelegate.swift; sourceTree = "<group>"; };
		D7CE282B262D853900DA2CC8 /* libz.tbd */ = {isa = PBXFileReference; lastKnownFileType = "sourcecode.text-based-dylib-definition"; name = libz.tbd; path = usr/lib/libz.tbd; sourceTree = SDKROOT; };
		D7CE2852262D8FFC00DA2CC8 /* GCDWebServerFunctions.h */ = {isa = PBXFileReference; fileEncoding = 4; lastKnownFileType = sourcecode.c.h; path = GCDWebServerFunctions.h; sourceTree = "<group>"; };
		D7CE2853262D8FFC00DA2CC8 /* GCDWebServerPrivate.h */ = {isa = PBXFileReference; fileEncoding = 4; lastKnownFileType = sourcecode.c.h; path = GCDWebServerPrivate.h; sourceTree = "<group>"; };
		D7CE2854262D8FFC00DA2CC8 /* GCDWebServerResponse.m */ = {isa = PBXFileReference; fileEncoding = 4; lastKnownFileType = sourcecode.c.objc; path = GCDWebServerResponse.m; sourceTree = "<group>"; };
		D7CE2855262D8FFC00DA2CC8 /* GCDWebServerConnection.h */ = {isa = PBXFileReference; fileEncoding = 4; lastKnownFileType = sourcecode.c.h; path = GCDWebServerConnection.h; sourceTree = "<group>"; };
		D7CE2856262D8FFC00DA2CC8 /* GCDWebServer.h */ = {isa = PBXFileReference; fileEncoding = 4; lastKnownFileType = sourcecode.c.h; path = GCDWebServer.h; sourceTree = "<group>"; };
		D7CE2857262D8FFC00DA2CC8 /* GCDWebServerRequest.m */ = {isa = PBXFileReference; fileEncoding = 4; lastKnownFileType = sourcecode.c.objc; path = GCDWebServerRequest.m; sourceTree = "<group>"; };
		D7CE2858262D8FFC00DA2CC8 /* GCDWebServerHTTPStatusCodes.h */ = {isa = PBXFileReference; fileEncoding = 4; lastKnownFileType = sourcecode.c.h; path = GCDWebServerHTTPStatusCodes.h; sourceTree = "<group>"; };
		D7CE2859262D8FFC00DA2CC8 /* GCDWebServerResponse.h */ = {isa = PBXFileReference; fileEncoding = 4; lastKnownFileType = sourcecode.c.h; path = GCDWebServerResponse.h; sourceTree = "<group>"; };
		D7CE285A262D8FFC00DA2CC8 /* GCDWebServerFunctions.m */ = {isa = PBXFileReference; fileEncoding = 4; lastKnownFileType = sourcecode.c.objc; path = GCDWebServerFunctions.m; sourceTree = "<group>"; };
		D7CE285B262D8FFC00DA2CC8 /* GCDWebServer.m */ = {isa = PBXFileReference; fileEncoding = 4; lastKnownFileType = sourcecode.c.objc; path = GCDWebServer.m; sourceTree = "<group>"; };
		D7CE285C262D8FFC00DA2CC8 /* GCDWebServerConnection.m */ = {isa = PBXFileReference; fileEncoding = 4; lastKnownFileType = sourcecode.c.objc; path = GCDWebServerConnection.m; sourceTree = "<group>"; };
		D7CE285D262D8FFC00DA2CC8 /* GCDWebServerRequest.h */ = {isa = PBXFileReference; fileEncoding = 4; lastKnownFileType = sourcecode.c.h; path = GCDWebServerRequest.h; sourceTree = "<group>"; };
		D7CE285F262D8FFC00DA2CC8 /* GCDWebServerFileResponse.h */ = {isa = PBXFileReference; fileEncoding = 4; lastKnownFileType = sourcecode.c.h; path = GCDWebServerFileResponse.h; sourceTree = "<group>"; };
		D7CE2860262D8FFC00DA2CC8 /* GCDWebServerStreamedResponse.h */ = {isa = PBXFileReference; fileEncoding = 4; lastKnownFileType = sourcecode.c.h; path = GCDWebServerStreamedResponse.h; sourceTree = "<group>"; };
		D7CE2861262D8FFC00DA2CC8 /* GCDWebServerErrorResponse.m */ = {isa = PBXFileReference; fileEncoding = 4; lastKnownFileType = sourcecode.c.objc; path = GCDWebServerErrorResponse.m; sourceTree = "<group>"; };
		D7CE2862262D8FFC00DA2CC8 /* GCDWebServerDataResponse.h */ = {isa = PBXFileReference; fileEncoding = 4; lastKnownFileType = sourcecode.c.h; path = GCDWebServerDataResponse.h; sourceTree = "<group>"; };
		D7CE2863262D8FFC00DA2CC8 /* GCDWebServerFileResponse.m */ = {isa = PBXFileReference; fileEncoding = 4; lastKnownFileType = sourcecode.c.objc; path = GCDWebServerFileResponse.m; sourceTree = "<group>"; };
		D7CE2864262D8FFC00DA2CC8 /* GCDWebServerDataResponse.m */ = {isa = PBXFileReference; fileEncoding = 4; lastKnownFileType = sourcecode.c.objc; path = GCDWebServerDataResponse.m; sourceTree = "<group>"; };
		D7CE2865262D8FFC00DA2CC8 /* GCDWebServerErrorResponse.h */ = {isa = PBXFileReference; fileEncoding = 4; lastKnownFileType = sourcecode.c.h; path = GCDWebServerErrorResponse.h; sourceTree = "<group>"; };
		D7CE2866262D8FFC00DA2CC8 /* GCDWebServerStreamedResponse.m */ = {isa = PBXFileReference; fileEncoding = 4; lastKnownFileType = sourcecode.c.objc; path = GCDWebServerStreamedResponse.m; sourceTree = "<group>"; };
		D7CE2868262D8FFC00DA2CC8 /* GCDWebServerDataRequest.h */ = {isa = PBXFileReference; fileEncoding = 4; lastKnownFileType = sourcecode.c.h; path = GCDWebServerDataRequest.h; sourceTree = "<group>"; };
		D7CE2869262D8FFC00DA2CC8 /* GCDWebServerMultiPartFormRequest.h */ = {isa = PBXFileReference; fileEncoding = 4; lastKnownFileType = sourcecode.c.h; path = GCDWebServerMultiPartFormRequest.h; sourceTree = "<group>"; };
		D7CE286A262D8FFC00DA2CC8 /* GCDWebServerFileRequest.h */ = {isa = PBXFileReference; fileEncoding = 4; lastKnownFileType = sourcecode.c.h; path = GCDWebServerFileRequest.h; sourceTree = "<group>"; };
		D7CE286B262D8FFC00DA2CC8 /* GCDWebServerURLEncodedFormRequest.m */ = {isa = PBXFileReference; fileEncoding = 4; lastKnownFileType = sourcecode.c.objc; path = GCDWebServerURLEncodedFormRequest.m; sourceTree = "<group>"; };
		D7CE286C262D8FFC00DA2CC8 /* GCDWebServerMultiPartFormRequest.m */ = {isa = PBXFileReference; fileEncoding = 4; lastKnownFileType = sourcecode.c.objc; path = GCDWebServerMultiPartFormRequest.m; sourceTree = "<group>"; };
		D7CE286D262D8FFC00DA2CC8 /* GCDWebServerDataRequest.m */ = {isa = PBXFileReference; fileEncoding = 4; lastKnownFileType = sourcecode.c.objc; path = GCDWebServerDataRequest.m; sourceTree = "<group>"; };
		D7CE286E262D8FFC00DA2CC8 /* GCDWebServerFileRequest.m */ = {isa = PBXFileReference; fileEncoding = 4; lastKnownFileType = sourcecode.c.objc; path = GCDWebServerFileRequest.m; sourceTree = "<group>"; };
		D7CE286F262D8FFC00DA2CC8 /* GCDWebServerURLEncodedFormRequest.h */ = {isa = PBXFileReference; fileEncoding = 4; lastKnownFileType = sourcecode.c.h; path = GCDWebServerURLEncodedFormRequest.h; sourceTree = "<group>"; };
		D7EE6FF9260C82D9009DB791 /* SettingsTableViewCell.swift */ = {isa = PBXFileReference; lastKnownFileType = sourcecode.swift; path = SettingsTableViewCell.swift; sourceTree = "<group>"; };
/* End PBXFileReference section */

/* Begin PBXFrameworksBuildPhase section */
		D748441C25384C5600BFF55A /* Frameworks */ = {
			isa = PBXFrameworksBuildPhase;
			buildActionMask = 2147483647;
			files = (
				D70F024C2645320C001ACE5F /* WebKit.framework in Frameworks */,
				D70F024A264531F8001ACE5F /* libresolv.tbd in Frameworks */,
				D70F0248264531E5001ACE5F /* UserNotifications.framework in Frameworks */,
				D70F0246264531CF001ACE5F /* Security.framework in Frameworks */,
				D70F0244264531C9001ACE5F /* UIKit.framework in Frameworks */,
				D70F0242264531C1001ACE5F /* Foundation.framework in Frameworks */,
				D70F0240264531B6001ACE5F /* CoreGraphics.framework in Frameworks */,
				D70F023E264531AC001ACE5F /* SystemConfiguration.framework in Frameworks */,
				D70F023C264531A2001ACE5F /* CoreTelephony.framework in Frameworks */,
				D70F023A26453198001ACE5F /* CoreFoundation.framework in Frameworks */,
				D70F0251264532AC001ACE5F /* ExternalAccessory.framework in Frameworks */,
				D70F02382645317F001ACE5F /* CFNetwork.framework in Frameworks */,
				D7CE282C262D853900DA2CC8 /* libz.tbd in Frameworks */,
				D7382E1F262FED7F00B9C524 /* Alamofire in Frameworks */,
				D7356468260897400000A7F4 /* CoreLocation.framework in Frameworks */,
				D70F02352645314B001ACE5F /* jpush-ios-3.5.2.a in Frameworks */,
				D70F02342645314B001ACE5F /* jpush-extension-ios-1.1.2.a in Frameworks */,
				D70F3986261D7F9500BDC033 /* SnapKit in Frameworks */,
				D7E1B54D2601D7E90074794D /* Zip in Frameworks */,
				D70F02362645314B001ACE5F /* jcore-noidfa-ios-2.6.2.a in Frameworks */,
				D7E1B5492601D7B10074794D /* SwiftyJSON in Frameworks */,
				D7BD1EBD26253D6C00AA76AE /* SDWebImage in Frameworks */,
			);
			runOnlyForDeploymentPostprocessing = 0;
		};
/* End PBXFrameworksBuildPhase section */

/* Begin PBXGroup section */
		D700C2F526204E1200A7AA9A /* Common */ = {
			isa = PBXGroup;
			children = (
				D7B1305A261EF86B00352BFE /* CellDelegate.swift */,
				D7356463260896A20000A7F4 /* KLocationManager.swift */,
				D700EBA926391431005D9200 /* LocationDelegate.swift */,
				D70F398C261D967200BDC033 /* NumberCell.swift */,
				D71C08DB2624394400443582 /* Preview.storyboard */,
				D71C08D6262438C400443582 /* PreviewController.swift */,
				D7B2FC8F26312A4600B4EB04 /* ProgressBar.swift */,
				D706535A2604B205006F2901 /* Settings.storyboard */,
				D7EE6FF9260C82D9009DB791 /* SettingsTableViewCell.swift */,
				D75B8C112603455C008F2122 /* SettingsViewController.swift */,
				D7B495BA260DE28600BF36F7 /* ToggleCell.swift */,
			);
			path = Common;
			sourceTree = "<group>";
		};
		D70F0226264530D2001ACE5F /* JPush */ = {
			isa = PBXGroup;
			children = (
				D70F02332645314B001ACE5F /* jcore-noidfa-ios-2.6.2.a */,
				D70F023126453148001ACE5F /* jpush-extension-ios-1.1.2.a */,
				D70F023226453149001ACE5F /* jpush-ios-3.5.2.a */,
				D70F022F26453148001ACE5F /* JPushNotificationExtensionService.h */,
				D70F023026453148001ACE5F /* JPUSHService.h */,
			);
			path = JPush;
			sourceTree = "<group>";
		};
		D7356466260897400000A7F4 /* Frameworks */ = {
			isa = PBXGroup;
			children = (
				D70F0250264532AC001ACE5F /* ExternalAccessory.framework */,
				D70F024B2645320C001ACE5F /* WebKit.framework */,
				D70F0249264531F8001ACE5F /* libresolv.tbd */,
				D70F0247264531E5001ACE5F /* UserNotifications.framework */,
				D70F0245264531CF001ACE5F /* Security.framework */,
				D70F0243264531C9001ACE5F /* UIKit.framework */,
				D70F0241264531C1001ACE5F /* Foundation.framework */,
				D70F023F264531B6001ACE5F /* CoreGraphics.framework */,
				D70F023D264531AC001ACE5F /* SystemConfiguration.framework */,
				D70F023B264531A2001ACE5F /* CoreTelephony.framework */,
				D70F023926453198001ACE5F /* CoreFoundation.framework */,
				D70F02372645317F001ACE5F /* CFNetwork.framework */,
				D7356467260897400000A7F4 /* CoreLocation.framework */,
				D7CE282B262D853900DA2CC8 /* libz.tbd */,
			);
			name = Frameworks;
			sourceTree = "<group>";
		};
		D748441625384C5600BFF55A = {
			isa = PBXGroup;
			children = (
				D70F024F264532AC001ACE5F /* KWKWebView.entitlements */,
				D748442125384C5600BFF55A /* WKWebView */,
				D748442025384C5600BFF55A /* Products */,
				D7356466260897400000A7F4 /* Frameworks */,
			);
			sourceTree = "<group>";
		};
		D748442025384C5600BFF55A /* Products */ = {
			isa = PBXGroup;
			children = (
				D748441F25384C5600BFF55A /* KWKWebView.app */,
			);
			name = Products;
			sourceTree = "<group>";
		};
		D748442125384C5600BFF55A /* WKWebView */ = {
			isa = PBXGroup;
			children = (
				D748442225384C5600BFF55A /* AppDelegate.swift */,
				D748443025384C5A00BFF55A /* LaunchScreen.storyboard */,
				D748442825384C5600BFF55A /* Main.storyboard */,
				D748442425384C5600BFF55A /* SceneDelegate.swift */,
				D748442625384C5600BFF55A /* ViewController.swift */,
				D70F02532645356A001ACE5F /* WKWebView-Bridging-Header.h */,
				D748442B25384C5600BFF55A /* WKWebView.xcdatamodeld */,
				D747612A2637AB0000A9FCA0 /* README.md */,
				D7B948232539713500CF33A6 /* www.bundle */,
				D748442E25384C5A00BFF55A /* Assets.xcassets */,
				D748443325384C5A00BFF55A /* Info.plist */,
				D700C2F526204E1200A7AA9A /* Common */,
				D7CE2850262D8FFC00DA2CC8 /* GCDWebServer */,
				D70F0226264530D2001ACE5F /* JPush */,
				D796802426032DEE00731902 /* KWKWebView */,
				D796802626032E3700731902 /* Utils */,
			);
			path = WKWebView;
			sourceTree = "<group>";
		};
		D796802426032DEE00731902 /* KWKWebView */ = {
			isa = PBXGroup;
			children = (
				D7B2FC9426317F8400B4EB04 /* KWKJSBridge.js */,
				D7B2FC972631858000B4EB04 /* KWKJSBridge.swift */,
				D720FF2B26326D780048AE91 /* KWKJSCoreBridge.swift */,
				D7C4219E26327A6A0057C8F4 /* KWKJSThirdBridge.swift */,
				D7C421AF2632C3190057C8F4 /* KWKNavigationDelegate.swift */,
				D70BEF9A253949CA0020FB30 /* KWKWebView.swift */,
				D79680112602FAE500731902 /* KWKWebViewConfig.swift */,
				D7089F6A260477BD00495322 /* ProgressDelegate.swift */,
				D796801E26032C4400731902 /* ProgressView.swift */,
			);
			path = KWKWebView;
			sourceTree = "<group>";
		};
		D796802626032E3700731902 /* Utils */ = {
			isa = PBXGroup;
			children = (
				D796800D2602F4B800731902 /* Extension+UIView.swift */,
				D70BEF9F2539507F0020FB30 /* FileUtils.swift */,
				D77B5567260B20E8005D9F67 /* GlobalSettings.swift */,
				D71C08D326240D0200443582 /* ImageUtils.swift */,
				D700C2EF26201E3700A7AA9A /* LocationUtils.swift */,
				D7382E21262FEDC300B9C524 /* WwwUtils.swift */,
			);
			path = Utils;
			sourceTree = "<group>";
		};
		D7CE2850262D8FFC00DA2CC8 /* GCDWebServer */ = {
			isa = PBXGroup;
			children = (
				D7CE2851262D8FFC00DA2CC8 /* Core */,
				D7CE2867262D8FFC00DA2CC8 /* Requests */,
				D7CE285E262D8FFC00DA2CC8 /* Responses */,
			);
			path = GCDWebServer;
			sourceTree = "<group>";
		};
		D7CE2851262D8FFC00DA2CC8 /* Core */ = {
			isa = PBXGroup;
			children = (
				D7CE2856262D8FFC00DA2CC8 /* GCDWebServer.h */,
				D7CE285B262D8FFC00DA2CC8 /* GCDWebServer.m */,
				D7CE2855262D8FFC00DA2CC8 /* GCDWebServerConnection.h */,
				D7CE285C262D8FFC00DA2CC8 /* GCDWebServerConnection.m */,
				D7CE2852262D8FFC00DA2CC8 /* GCDWebServerFunctions.h */,
				D7CE285A262D8FFC00DA2CC8 /* GCDWebServerFunctions.m */,
				D7CE2858262D8FFC00DA2CC8 /* GCDWebServerHTTPStatusCodes.h */,
				D7CE2853262D8FFC00DA2CC8 /* GCDWebServerPrivate.h */,
				D7CE285D262D8FFC00DA2CC8 /* GCDWebServerRequest.h */,
				D7CE2857262D8FFC00DA2CC8 /* GCDWebServerRequest.m */,
				D7CE2859262D8FFC00DA2CC8 /* GCDWebServerResponse.h */,
				D7CE2854262D8FFC00DA2CC8 /* GCDWebServerResponse.m */,
			);
			path = Core;
			sourceTree = "<group>";
		};
		D7CE285E262D8FFC00DA2CC8 /* Responses */ = {
			isa = PBXGroup;
			children = (
				D7CE2862262D8FFC00DA2CC8 /* GCDWebServerDataResponse.h */,
				D7CE2864262D8FFC00DA2CC8 /* GCDWebServerDataResponse.m */,
				D7CE2865262D8FFC00DA2CC8 /* GCDWebServerErrorResponse.h */,
				D7CE2861262D8FFC00DA2CC8 /* GCDWebServerErrorResponse.m */,
				D7CE285F262D8FFC00DA2CC8 /* GCDWebServerFileResponse.h */,
				D7CE2863262D8FFC00DA2CC8 /* GCDWebServerFileResponse.m */,
				D7CE2860262D8FFC00DA2CC8 /* GCDWebServerStreamedResponse.h */,
				D7CE2866262D8FFC00DA2CC8 /* GCDWebServerStreamedResponse.m */,
			);
			path = Responses;
			sourceTree = "<group>";
		};
		D7CE2867262D8FFC00DA2CC8 /* Requests */ = {
			isa = PBXGroup;
			children = (
				D7CE2868262D8FFC00DA2CC8 /* GCDWebServerDataRequest.h */,
				D7CE286D262D8FFC00DA2CC8 /* GCDWebServerDataRequest.m */,
				D7CE286A262D8FFC00DA2CC8 /* GCDWebServerFileRequest.h */,
				D7CE286E262D8FFC00DA2CC8 /* GCDWebServerFileRequest.m */,
				D7CE2869262D8FFC00DA2CC8 /* GCDWebServerMultiPartFormRequest.h */,
				D7CE286C262D8FFC00DA2CC8 /* GCDWebServerMultiPartFormRequest.m */,
				D7CE286F262D8FFC00DA2CC8 /* GCDWebServerURLEncodedFormRequest.h */,
				D7CE286B262D8FFC00DA2CC8 /* GCDWebServerURLEncodedFormRequest.m */,
			);
			path = Requests;
			sourceTree = "<group>";
		};
/* End PBXGroup section */

/* Begin PBXNativeTarget section */
		D748441E25384C5600BFF55A /* KWKWebView */ = {
			isa = PBXNativeTarget;
			buildConfigurationList = D748444C25384C5B00BFF55A /* Build configuration list for PBXNativeTarget "KWKWebView" */;
			buildPhases = (
				D748441B25384C5600BFF55A /* Sources */,
				D748441C25384C5600BFF55A /* Frameworks */,
				D748441D25384C5600BFF55A /* Resources */,
			);
			buildRules = (
			);
			dependencies = (
			);
			name = KWKWebView;
			packageProductDependencies = (
				D7E1B5482601D7B10074794D /* SwiftyJSON */,
				D7E1B54C2601D7E90074794D /* Zip */,
				D70F3985261D7F9500BDC033 /* SnapKit */,
				D7BD1EBC26253D6C00AA76AE /* SDWebImage */,
				D7382E1E262FED7F00B9C524 /* Alamofire */,
			);
			productName = WKWebViewContainer;
			productReference = D748441F25384C5600BFF55A /* KWKWebView.app */;
			productType = "com.apple.product-type.application";
		};
/* End PBXNativeTarget section */

/* Begin PBXProject section */
		D748441725384C5600BFF55A /* Project object */ = {
			isa = PBXProject;
			attributes = {
				LastSwiftUpdateCheck = 1200;
				LastUpgradeCheck = 1240;
				TargetAttributes = {
					D748441E25384C5600BFF55A = {
						CreatedOnToolsVersion = 12.0.1;
					};
				};
			};
			buildConfigurationList = D748441A25384C5600BFF55A /* Build configuration list for PBXProject "WKWebView" */;
			compatibilityVersion = "Xcode 9.3";
			developmentRegion = en;
			hasScannedForEncodings = 0;
			knownRegions = (
				en,
				Base,
				"zh-Hans-CN",
				"en-US",
			);
			mainGroup = D748441625384C5600BFF55A;
			packageReferences = (
				D7E1B5472601D7B10074794D /* XCRemoteSwiftPackageReference "SwiftyJSON" */,
				D7E1B54B2601D7E90074794D /* XCRemoteSwiftPackageReference "Zip" */,
				D70F3984261D7F9500BDC033 /* XCRemoteSwiftPackageReference "SnapKit" */,
				D7BD1EBB26253D6C00AA76AE /* XCRemoteSwiftPackageReference "SDWebImage" */,
				D7382E1D262FED7F00B9C524 /* XCRemoteSwiftPackageReference "Alamofire" */,
			);
			productRefGroup = D748442025384C5600BFF55A /* Products */;
			projectDirPath = "";
			projectRoot = "";
			targets = (
				D748441E25384C5600BFF55A /* KWKWebView */,
			);
		};
/* End PBXProject section */

/* Begin PBXResourcesBuildPhase section */
		D748441D25384C5600BFF55A /* Resources */ = {
			isa = PBXResourcesBuildPhase;
			buildActionMask = 2147483647;
			files = (
				D748443225384C5A00BFF55A /* LaunchScreen.storyboard in Resources */,
				D748442F25384C5A00BFF55A /* Assets.xcassets in Resources */,
				D748442A25384C5600BFF55A /* Main.storyboard in Resources */,
				D7B2FC9526317F8400B4EB04 /* KWKJSBridge.js in Resources */,
				D7B948242539713500CF33A6 /* www.bundle in Resources */,
				D706535B2604B205006F2901 /* Settings.storyboard in Resources */,
				D747612B2637AB0000A9FCA0 /* README.md in Resources */,
				D71C08DC2624394400443582 /* Preview.storyboard in Resources */,
			);
			runOnlyForDeploymentPostprocessing = 0;
		};
/* End PBXResourcesBuildPhase section */

/* Begin PBXSourcesBuildPhase section */
		D748441B25384C5600BFF55A /* Sources */ = {
			isa = PBXSourcesBuildPhase;
			buildActionMask = 2147483647;
			files = (
				D796800E2602F4B800731902 /* Extension+UIView.swift in Sources */,
				D75B8C122603455C008F2122 /* SettingsViewController.swift in Sources */,
				D7CE2875262D8FFC00DA2CC8 /* GCDWebServerErrorResponse.m in Sources */,
				D748442725384C5600BFF55A /* ViewController.swift in Sources */,
				D77B5568260B20E8005D9F67 /* GlobalSettings.swift in Sources */,
				D7CE2876262D8FFC00DA2CC8 /* GCDWebServerFileResponse.m in Sources */,
				D7CE2871262D8FFC00DA2CC8 /* GCDWebServerRequest.m in Sources */,
				D700C2F026201E3700A7AA9A /* LocationUtils.swift in Sources */,
				D7B2FC9026312A4600B4EB04 /* ProgressBar.swift in Sources */,
				D7CE2873262D8FFC00DA2CC8 /* GCDWebServer.m in Sources */,
				D748442D25384C5600BFF55A /* WKWebView.xcdatamodeld in Sources */,
				D7CE287B262D8FFC00DA2CC8 /* GCDWebServerDataRequest.m in Sources */,
				D7C421B02632C3190057C8F4 /* KWKNavigationDelegate.swift in Sources */,
				D720FF2C26326D780048AE91 /* KWKJSCoreBridge.swift in Sources */,
				D7089F6B260477BD00495322 /* ProgressDelegate.swift in Sources */,
				D748442325384C5600BFF55A /* AppDelegate.swift in Sources */,
				D7EE6FFA260C82D9009DB791 /* SettingsTableViewCell.swift in Sources */,
				D70BEFA02539507F0020FB30 /* FileUtils.swift in Sources */,
				D79680122602FAE500731902 /* KWKWebViewConfig.swift in Sources */,
				D7B2FC982631858000B4EB04 /* KWKJSBridge.swift in Sources */,
				D7B1305B261EF86B00352BFE /* CellDelegate.swift in Sources */,
				D71C08D7262438C400443582 /* PreviewController.swift in Sources */,
				D7CE2874262D8FFC00DA2CC8 /* GCDWebServerConnection.m in Sources */,
				D7CE2872262D8FFC00DA2CC8 /* GCDWebServerFunctions.m in Sources */,
				D796801F26032C4400731902 /* ProgressView.swift in Sources */,
				D7C4219F26327A6A0057C8F4 /* KWKJSThirdBridge.swift in Sources */,
				D7CE287A262D8FFC00DA2CC8 /* GCDWebServerMultiPartFormRequest.m in Sources */,
				D7CE2878262D8FFC00DA2CC8 /* GCDWebServerStreamedResponse.m in Sources */,
				D70BEF9B253949CA0020FB30 /* KWKWebView.swift in Sources */,
				D700EBAA26391431005D9200 /* LocationDelegate.swift in Sources */,
				D70F398D261D967200BDC033 /* NumberCell.swift in Sources */,
				D7B495BB260DE28600BF36F7 /* ToggleCell.swift in Sources */,
				D748442525384C5600BFF55A /* SceneDelegate.swift in Sources */,
				D7CE2879262D8FFC00DA2CC8 /* GCDWebServerURLEncodedFormRequest.m in Sources */,
				D7356464260896A20000A7F4 /* KLocationManager.swift in Sources */,
				D7382E22262FEDC300B9C524 /* WwwUtils.swift in Sources */,
				D7CE287C262D8FFC00DA2CC8 /* GCDWebServerFileRequest.m in Sources */,
				D7CE2877262D8FFC00DA2CC8 /* GCDWebServerDataResponse.m in Sources */,
				D7CE2870262D8FFC00DA2CC8 /* GCDWebServerResponse.m in Sources */,
				D71C08D426240D0200443582 /* ImageUtils.swift in Sources */,
			);
			runOnlyForDeploymentPostprocessing = 0;
		};
/* End PBXSourcesBuildPhase section */

/* Begin PBXVariantGroup section */
		D748442825384C5600BFF55A /* Main.storyboard */ = {
			isa = PBXVariantGroup;
			children = (
				D748442925384C5600BFF55A /* Base */,
				D71C08CB2623F50C00443582 /* zh-Hans-CN */,
				D71C08CD2623F56200443582 /* en-US */,
			);
			name = Main.storyboard;
			sourceTree = "<group>";
		};
		D748443025384C5A00BFF55A /* LaunchScreen.storyboard */ = {
			isa = PBXVariantGroup;
			children = (
				D748443125384C5A00BFF55A /* Base */,
				D71C08CA2623F50C00443582 /* zh-Hans-CN */,
				D71C08CC2623F56200443582 /* en-US */,
			);
			name = LaunchScreen.storyboard;
			sourceTree = "<group>";
		};
/* End PBXVariantGroup section */

/* Begin XCBuildConfiguration section */
		D748444A25384C5B00BFF55A /* Debug */ = {
			isa = XCBuildConfiguration;
			buildSettings = {
				ALWAYS_SEARCH_USER_PATHS = NO;
				CLANG_ANALYZER_LOCALIZABILITY_NONLOCALIZED = YES;
				CLANG_ANALYZER_NONNULL = YES;
				CLANG_ANALYZER_NUMBER_OBJECT_CONVERSION = YES_AGGRESSIVE;
				CLANG_CXX_LANGUAGE_STANDARD = "gnu++14";
				CLANG_CXX_LIBRARY = "libc++";
				CLANG_ENABLE_MODULES = YES;
				CLANG_ENABLE_OBJC_ARC = YES;
				CLANG_ENABLE_OBJC_WEAK = YES;
				CLANG_WARN_BLOCK_CAPTURE_AUTORELEASING = YES;
				CLANG_WARN_BOOL_CONVERSION = YES;
				CLANG_WARN_COMMA = YES;
				CLANG_WARN_CONSTANT_CONVERSION = YES;
				CLANG_WARN_DEPRECATED_OBJC_IMPLEMENTATIONS = YES;
				CLANG_WARN_DIRECT_OBJC_ISA_USAGE = YES_ERROR;
				CLANG_WARN_DOCUMENTATION_COMMENTS = YES;
				CLANG_WARN_EMPTY_BODY = YES;
				CLANG_WARN_ENUM_CONVERSION = YES;
				CLANG_WARN_INFINITE_RECURSION = YES;
				CLANG_WARN_INT_CONVERSION = YES;
				CLANG_WARN_NON_LITERAL_NULL_CONVERSION = YES;
				CLANG_WARN_OBJC_IMPLICIT_RETAIN_SELF = YES;
				CLANG_WARN_OBJC_LITERAL_CONVERSION = YES;
				CLANG_WARN_OBJC_ROOT_CLASS = YES_ERROR;
				CLANG_WARN_QUOTED_INCLUDE_IN_FRAMEWORK_HEADER = YES;
				CLANG_WARN_RANGE_LOOP_ANALYSIS = YES;
				CLANG_WARN_STRICT_PROTOTYPES = YES;
				CLANG_WARN_SUSPICIOUS_MOVE = YES;
				CLANG_WARN_UNGUARDED_AVAILABILITY = YES_AGGRESSIVE;
				CLANG_WARN_UNREACHABLE_CODE = YES;
				CLANG_WARN__DUPLICATE_METHOD_MATCH = YES;
				COPY_PHASE_STRIP = NO;
				DEBUG_INFORMATION_FORMAT = dwarf;
				ENABLE_STRICT_OBJC_MSGSEND = YES;
				ENABLE_TESTABILITY = YES;
				GCC_C_LANGUAGE_STANDARD = gnu11;
				GCC_DYNAMIC_NO_PIC = NO;
				GCC_NO_COMMON_BLOCKS = YES;
				GCC_OPTIMIZATION_LEVEL = 0;
				GCC_PREPROCESSOR_DEFINITIONS = (
					"DEBUG=1",
					"$(inherited)",
				);
				GCC_WARN_64_TO_32_BIT_CONVERSION = YES;
				GCC_WARN_ABOUT_RETURN_TYPE = YES_ERROR;
				GCC_WARN_UNDECLARED_SELECTOR = YES;
				GCC_WARN_UNINITIALIZED_AUTOS = YES_AGGRESSIVE;
				GCC_WARN_UNUSED_FUNCTION = YES;
				GCC_WARN_UNUSED_VARIABLE = YES;
				IPHONEOS_DEPLOYMENT_TARGET = 13.0;
				MTL_ENABLE_DEBUG_INFO = INCLUDE_SOURCE;
				MTL_FAST_MATH = YES;
				ONLY_ACTIVE_ARCH = YES;
				SDKROOT = iphoneos;
				SWIFT_ACTIVE_COMPILATION_CONDITIONS = DEBUG;
				SWIFT_OPTIMIZATION_LEVEL = "-Onone";
			};
			name = Debug;
		};
		D748444B25384C5B00BFF55A /* Release */ = {
			isa = XCBuildConfiguration;
			buildSettings = {
				ALWAYS_SEARCH_USER_PATHS = NO;
				CLANG_ANALYZER_LOCALIZABILITY_NONLOCALIZED = YES;
				CLANG_ANALYZER_NONNULL = YES;
				CLANG_ANALYZER_NUMBER_OBJECT_CONVERSION = YES_AGGRESSIVE;
				CLANG_CXX_LANGUAGE_STANDARD = "gnu++14";
				CLANG_CXX_LIBRARY = "libc++";
				CLANG_ENABLE_MODULES = YES;
				CLANG_ENABLE_OBJC_ARC = YES;
				CLANG_ENABLE_OBJC_WEAK = YES;
				CLANG_WARN_BLOCK_CAPTURE_AUTORELEASING = YES;
				CLANG_WARN_BOOL_CONVERSION = YES;
				CLANG_WARN_COMMA = YES;
				CLANG_WARN_CONSTANT_CONVERSION = YES;
				CLANG_WARN_DEPRECATED_OBJC_IMPLEMENTATIONS = YES;
				CLANG_WARN_DIRECT_OBJC_ISA_USAGE = YES_ERROR;
				CLANG_WARN_DOCUMENTATION_COMMENTS = YES;
				CLANG_WARN_EMPTY_BODY = YES;
				CLANG_WARN_ENUM_CONVERSION = YES;
				CLANG_WARN_INFINITE_RECURSION = YES;
				CLANG_WARN_INT_CONVERSION = YES;
				CLANG_WARN_NON_LITERAL_NULL_CONVERSION = YES;
				CLANG_WARN_OBJC_IMPLICIT_RETAIN_SELF = YES;
				CLANG_WARN_OBJC_LITERAL_CONVERSION = YES;
				CLANG_WARN_OBJC_ROOT_CLASS = YES_ERROR;
				CLANG_WARN_QUOTED_INCLUDE_IN_FRAMEWORK_HEADER = YES;
				CLANG_WARN_RANGE_LOOP_ANALYSIS = YES;
				CLANG_WARN_STRICT_PROTOTYPES = YES;
				CLANG_WARN_SUSPICIOUS_MOVE = YES;
				CLANG_WARN_UNGUARDED_AVAILABILITY = YES_AGGRESSIVE;
				CLANG_WARN_UNREACHABLE_CODE = YES;
				CLANG_WARN__DUPLICATE_METHOD_MATCH = YES;
				COPY_PHASE_STRIP = NO;
				DEBUG_INFORMATION_FORMAT = "dwarf-with-dsym";
				ENABLE_NS_ASSERTIONS = NO;
				ENABLE_STRICT_OBJC_MSGSEND = YES;
				GCC_C_LANGUAGE_STANDARD = gnu11;
				GCC_NO_COMMON_BLOCKS = YES;
				GCC_WARN_64_TO_32_BIT_CONVERSION = YES;
				GCC_WARN_ABOUT_RETURN_TYPE = YES_ERROR;
				GCC_WARN_UNDECLARED_SELECTOR = YES;
				GCC_WARN_UNINITIALIZED_AUTOS = YES_AGGRESSIVE;
				GCC_WARN_UNUSED_FUNCTION = YES;
				GCC_WARN_UNUSED_VARIABLE = YES;
				IPHONEOS_DEPLOYMENT_TARGET = 13.0;
				MTL_ENABLE_DEBUG_INFO = NO;
				MTL_FAST_MATH = YES;
				SDKROOT = iphoneos;
				SWIFT_COMPILATION_MODE = wholemodule;
				SWIFT_OPTIMIZATION_LEVEL = "-O";
				VALIDATE_PRODUCT = YES;
			};
			name = Release;
		};
		D748444D25384C5B00BFF55A /* Debug */ = {
			isa = XCBuildConfiguration;
			buildSettings = {
				ASSETCATALOG_COMPILER_APPICON_NAME = AppIcon;
				ASSETCATALOG_COMPILER_GLOBAL_ACCENT_COLOR_NAME = AccentColor;
				CODE_SIGN_ENTITLEMENTS = KWKWebView.entitlements;
				CODE_SIGN_STYLE = Automatic;
				DEVELOPMENT_TEAM = 4S5QJYZKK2;
				FRAMEWORK_SEARCH_PATHS = (
					"$(inherited)",
					"$(PROJECT_DIR)/WKWebView",
				);
				HEADER_SEARCH_PATHS = "$(SDKROOT)/usr/incloud/libxml2";
				INFOPLIST_FILE = WKWebView/Info.plist;
				IPHONEOS_DEPLOYMENT_TARGET = 14.0;
				LD_RUNPATH_SEARCH_PATHS = (
					"$(inherited)",
					"@executable_path/Frameworks",
				);
				LIBRARY_SEARCH_PATHS = (
					"$(inherited)",
					"$(PROJECT_DIR)/WKWebView/JPush",
				);
				OTHER_LDFLAGS = "";
				"OTHER_SWIFT_FLAGS[arch=*]" = "-DDEBUG";
				PRODUCT_BUNDLE_IDENTIFIER = Kuo.WKWebView;
				PRODUCT_NAME = "$(TARGET_NAME)";
				SWIFT_OBJC_BRIDGING_HEADER = "WKWebView/WKWebView-Bridging-Header.h";
				SWIFT_VERSION = 5.0;
				TARGETED_DEVICE_FAMILY = 1;
			};
			name = Debug;
		};
		D748444E25384C5B00BFF55A /* Release */ = {
			isa = XCBuildConfiguration;
			buildSettings = {
				ASSETCATALOG_COMPILER_APPICON_NAME = AppIcon;
				ASSETCATALOG_COMPILER_GLOBAL_ACCENT_COLOR_NAME = AccentColor;
				CODE_SIGN_ENTITLEMENTS = KWKWebView.entitlements;
				CODE_SIGN_STYLE = Automatic;
				DEVELOPMENT_TEAM = 4S5QJYZKK2;
				FRAMEWORK_SEARCH_PATHS = (
					"$(inherited)",
					"$(PROJECT_DIR)/WKWebView",
				);
				HEADER_SEARCH_PATHS = "$(SDKROOT)/usr/incloud/libxml2";
				INFOPLIST_FILE = WKWebView/Info.plist;
				IPHONEOS_DEPLOYMENT_TARGET = 14.0;
				LD_RUNPATH_SEARCH_PATHS = (
					"$(inherited)",
					"@executable_path/Frameworks",
				);
				LIBRARY_SEARCH_PATHS = (
					"$(inherited)",
					"$(PROJECT_DIR)/WKWebView/JPush",
				);
				OTHER_LDFLAGS = "";
				PRODUCT_BUNDLE_IDENTIFIER = Kuo.WKWebView;
				PRODUCT_NAME = "$(TARGET_NAME)";
				SWIFT_OBJC_BRIDGING_HEADER = "WKWebView/WKWebView-Bridging-Header.h";
				SWIFT_VERSION = 5.0;
				TARGETED_DEVICE_FAMILY = 1;
			};
			name = Release;
		};
/* End XCBuildConfiguration section */

/* Begin XCConfigurationList section */
		D748441A25384C5600BFF55A /* Build configuration list for PBXProject "WKWebView" */ = {
			isa = XCConfigurationList;
			buildConfigurations = (
				D748444A25384C5B00BFF55A /* Debug */,
				D748444B25384C5B00BFF55A /* Release */,
			);
			defaultConfigurationIsVisible = 0;
			defaultConfigurationName = Release;
		};
		D748444C25384C5B00BFF55A /* Build configuration list for PBXNativeTarget "KWKWebView" */ = {
			isa = XCConfigurationList;
			buildConfigurations = (
				D748444D25384C5B00BFF55A /* Debug */,
				D748444E25384C5B00BFF55A /* Release */,
			);
			defaultConfigurationIsVisible = 0;
			defaultConfigurationName = Release;
		};
/* End XCConfigurationList section */

/* Begin XCRemoteSwiftPackageReference section */
		D70F3984261D7F9500BDC033 /* XCRemoteSwiftPackageReference "SnapKit" */ = {
			isa = XCRemoteSwiftPackageReference;
			repositoryURL = "https://github.com/SnapKit/SnapKit.git";
			requirement = {
				kind = upToNextMajorVersion;
				minimumVersion = 5.0.1;
			};
		};
		D7382E1D262FED7F00B9C524 /* XCRemoteSwiftPackageReference "Alamofire" */ = {
			isa = XCRemoteSwiftPackageReference;
			repositoryURL = "https://gitee.com/channingk/Alamofire.git";
			requirement = {
				kind = upToNextMajorVersion;
				minimumVersion = 5.4.2;
			};
		};
		D7BD1EBB26253D6C00AA76AE /* XCRemoteSwiftPackageReference "SDWebImage" */ = {
			isa = XCRemoteSwiftPackageReference;
			repositoryURL = "https://github.com/SDWebImage/SDWebImage.git";
			requirement = {
				kind = upToNextMajorVersion;
				minimumVersion = 5.1.0;
			};
		};
		D7E1B5472601D7B10074794D /* XCRemoteSwiftPackageReference "SwiftyJSON" */ = {
			isa = XCRemoteSwiftPackageReference;
			repositoryURL = "https://gitee.com/channingk/SwiftyJSON.git";
			requirement = {
				kind = exactVersion;
				version = 5.0.0;
			};
		};
		D7E1B54B2601D7E90074794D /* XCRemoteSwiftPackageReference "Zip" */ = {
			isa = XCRemoteSwiftPackageReference;
			repositoryURL = "https://gitee.com/channingk/Zip.git";
			requirement = {
				kind = exactVersion;
				version = 2.1.1;
			};
		};
/* End XCRemoteSwiftPackageReference section */

/* Begin XCSwiftPackageProductDependency section */
		D70F3985261D7F9500BDC033 /* SnapKit */ = {
			isa = XCSwiftPackageProductDependency;
			package = D70F3984261D7F9500BDC033 /* XCRemoteSwiftPackageReference "SnapKit" */;
			productName = SnapKit;
		};
		D7382E1E262FED7F00B9C524 /* Alamofire */ = {
			isa = XCSwiftPackageProductDependency;
			package = D7382E1D262FED7F00B9C524 /* XCRemoteSwiftPackageReference "Alamofire" */;
			productName = Alamofire;
		};
		D7BD1EBC26253D6C00AA76AE /* SDWebImage */ = {
			isa = XCSwiftPackageProductDependency;
			package = D7BD1EBB26253D6C00AA76AE /* XCRemoteSwiftPackageReference "SDWebImage" */;
			productName = SDWebImage;
		};
		D7E1B5482601D7B10074794D /* SwiftyJSON */ = {
			isa = XCSwiftPackageProductDependency;
			package = D7E1B5472601D7B10074794D /* XCRemoteSwiftPackageReference "SwiftyJSON" */;
			productName = SwiftyJSON;
		};
		D7E1B54C2601D7E90074794D /* Zip */ = {
			isa = XCSwiftPackageProductDependency;
			package = D7E1B54B2601D7E90074794D /* XCRemoteSwiftPackageReference "Zip" */;
			productName = Zip;
		};
/* End XCSwiftPackageProductDependency section */

/* Begin XCVersionGroup section */
		D748442B25384C5600BFF55A /* WKWebView.xcdatamodeld */ = {
			isa = XCVersionGroup;
			children = (
				D748442C25384C5600BFF55A /* WKWebViewContainer.xcdatamodel */,
			);
			currentVersion = D748442C25384C5600BFF55A /* WKWebViewContainer.xcdatamodel */;
			path = WKWebView.xcdatamodeld;
			sourceTree = "<group>";
			versionGroupType = wrapper.xcdatamodel;
		};
/* End XCVersionGroup section */
	};
	rootObject = D748441725384C5600BFF55A /* Project object */;
}
